// !$*UTF8*$!
{
	archiveVersion = 1;
	classes = {
	};
	objectVersion = 51;
	objects = {

/* Begin PBXBuildFile section */
		183C3526610CE947097206BE /* Pods_Siri_Demo.framework in Frameworks */ = {isa = PBXBuildFile; fileRef = 530865BB4F7C4E62A442B159 /* Pods_Siri_Demo.framework */; };
		1B1DE93CDA58CD7557D73050 /* Pods_SiriDemoAnalytics.framework in Frameworks */ = {isa = PBXBuildFile; fileRef = 5CF210451A2936003AA872E0 /* Pods_SiriDemoAnalytics.framework */; };
		361F7B922384821F00F951D0 /* Intents.intentdefinition in Sources */ = {isa = PBXBuildFile; fileRef = 82CEF6512336305A00D864F8 /* Intents.intentdefinition */; };
		361F7BBD2384989400F951D0 /* SkyApiCore.h in Headers */ = {isa = PBXBuildFile; fileRef = 361F7BBB2384989400F951D0 /* SkyApiCore.h */; settings = {ATTRIBUTES = (Public, ); }; };
		361F7BC02384989400F951D0 /* SkyApiCore.framework in Frameworks */ = {isa = PBXBuildFile; fileRef = 361F7BB92384989400F951D0 /* SkyApiCore.framework */; };
		361F7BC12384989400F951D0 /* SkyApiCore.framework in Embed Frameworks */ = {isa = PBXBuildFile; fileRef = 361F7BB92384989400F951D0 /* SkyApiCore.framework */; settings = {ATTRIBUTES = (CodeSignOnCopy, RemoveHeadersOnCopy, ); }; };
		361F7BC7238498AA00F951D0 /* Constituent.swift in Sources */ = {isa = PBXBuildFile; fileRef = 361F7B8F238466EC00F951D0 /* Constituent.swift */; };
		361F7BC8238499A900F951D0 /* SkyApiCore.framework in Frameworks */ = {isa = PBXBuildFile; fileRef = 361F7BB92384989400F951D0 /* SkyApiCore.framework */; };
		361F7BCF23849A8100F951D0 /* ConstituentApi.swift in Sources */ = {isa = PBXBuildFile; fileRef = 361F7BCE23849A8100F951D0 /* ConstituentApi.swift */; };
		361F7BD123849B5100F951D0 /* SkyApiBase.swift in Sources */ = {isa = PBXBuildFile; fileRef = 361F7BD023849B5100F951D0 /* SkyApiBase.swift */; };
		362DBF6D23A3ED9F001CF1F3 /* ProfilePictureResponse.swift in Sources */ = {isa = PBXBuildFile; fileRef = 362DBF6C23A3ED9F001CF1F3 /* ProfilePictureResponse.swift */; };
		362DBF6F23A405AD001CF1F3 /* UIImageViewExtensions.swift in Sources */ = {isa = PBXBuildFile; fileRef = 362DBF6E23A405AD001CF1F3 /* UIImageViewExtensions.swift */; };
		362DBF7123A7CC02001CF1F3 /* SendMessageIntentHandler.swift in Sources */ = {isa = PBXBuildFile; fileRef = 362DBF7023A7CC02001CF1F3 /* SendMessageIntentHandler.swift */; };
		362DBF7323A963B9001CF1F3 /* CreateNoteIntentHandler.swift in Sources */ = {isa = PBXBuildFile; fileRef = 362DBF7223A963B8001CF1F3 /* CreateNoteIntentHandler.swift */; };
		362DBF7523A96D4C001CF1F3 /* CreateNoteRequest.swift in Sources */ = {isa = PBXBuildFile; fileRef = 362DBF7423A96D4C001CF1F3 /* CreateNoteRequest.swift */; };
		362DBF7723A96E53001CF1F3 /* FuzzyDate.swift in Sources */ = {isa = PBXBuildFile; fileRef = 362DBF7623A96E53001CF1F3 /* FuzzyDate.swift */; };
		362DBF7923A970FC001CF1F3 /* IdResponse.swift in Sources */ = {isa = PBXBuildFile; fileRef = 362DBF7823A970FC001CF1F3 /* IdResponse.swift */; };
		362DBF7B23B11FBC001CF1F3 /* AddTasksIntentHandler.swift in Sources */ = {isa = PBXBuildFile; fileRef = 362DBF7A23B11FBC001CF1F3 /* AddTasksIntentHandler.swift */; };
		3643CF2A23D104E200E7C1EA /* OAuthToken.swift in Sources */ = {isa = PBXBuildFile; fileRef = 3643CF2923D104E200E7C1EA /* OAuthToken.swift */; };
		3643CF4323D215EA00E7C1EA /* SiriDemoAppProperties.h in Headers */ = {isa = PBXBuildFile; fileRef = 3643CF3323D215EA00E7C1EA /* SiriDemoAppProperties.h */; settings = {ATTRIBUTES = (Public, ); }; };
		3643CF4623D215EA00E7C1EA /* SiriDemoAppProperties.framework in Frameworks */ = {isa = PBXBuildFile; fileRef = 3643CF3123D215EA00E7C1EA /* SiriDemoAppProperties.framework */; };
		3643CF4723D215EA00E7C1EA /* SiriDemoAppProperties.framework in Embed Frameworks */ = {isa = PBXBuildFile; fileRef = 3643CF3123D215EA00E7C1EA /* SiriDemoAppProperties.framework */; settings = {ATTRIBUTES = (CodeSignOnCopy, RemoveHeadersOnCopy, ); }; };
		3643CF4F23D2162D00E7C1EA /* Properties.swift in Sources */ = {isa = PBXBuildFile; fileRef = 3643CF4E23D2162D00E7C1EA /* Properties.swift */; };
		364C089923D9FB2F0033D6D2 /* SkyApiCore.framework in Frameworks */ = {isa = PBXBuildFile; fileRef = 361F7BB92384989400F951D0 /* SkyApiCore.framework */; };
		3669F82E23DB65ED000F8B80 /* SiriDemoAnalytics.h in Headers */ = {isa = PBXBuildFile; fileRef = 3669F82C23DB65ED000F8B80 /* SiriDemoAnalytics.h */; settings = {ATTRIBUTES = (Public, ); }; };
		3669F83123DB65ED000F8B80 /* SiriDemoAnalytics.framework in Frameworks */ = {isa = PBXBuildFile; fileRef = 3669F82A23DB65ED000F8B80 /* SiriDemoAnalytics.framework */; };
		3669F83223DB65ED000F8B80 /* SiriDemoAnalytics.framework in Embed Frameworks */ = {isa = PBXBuildFile; fileRef = 3669F82A23DB65ED000F8B80 /* SiriDemoAnalytics.framework */; settings = {ATTRIBUTES = (CodeSignOnCopy, RemoveHeadersOnCopy, ); }; };
		3669F83623DB6646000F8B80 /* SiriDemoAppProperties.framework in Frameworks */ = {isa = PBXBuildFile; fileRef = 3643CF3123D215EA00E7C1EA /* SiriDemoAppProperties.framework */; };
		3669F83C23DB682E000F8B80 /* Analytics.swift in Sources */ = {isa = PBXBuildFile; fileRef = 3669F83B23DB682E000F8B80 /* Analytics.swift */; };
		3669F83E23DB7332000F8B80 /* SiriDemoAnalytics.framework in Frameworks */ = {isa = PBXBuildFile; fileRef = 3669F82A23DB65ED000F8B80 /* SiriDemoAnalytics.framework */; };
		3669F84323DB7D58000F8B80 /* SiriDemoAnalytics.framework in Frameworks */ = {isa = PBXBuildFile; fileRef = 3669F82A23DB65ED000F8B80 /* SiriDemoAnalytics.framework */; };
		3669F84823DB7D65000F8B80 /* SiriDemoAnalytics.framework in Frameworks */ = {isa = PBXBuildFile; fileRef = 3669F82A23DB65ED000F8B80 /* SiriDemoAnalytics.framework */; };
		36728CED2385A464005FF629 /* SkyUX.h in Headers */ = {isa = PBXBuildFile; fileRef = 36728CEB2385A464005FF629 /* SkyUX.h */; settings = {ATTRIBUTES = (Public, ); }; };
		36728CF02385A464005FF629 /* SkyUX.framework in Frameworks */ = {isa = PBXBuildFile; fileRef = 36728CE92385A464005FF629 /* SkyUX.framework */; };
		36728CF12385A464005FF629 /* SkyUX.framework in Embed Frameworks */ = {isa = PBXBuildFile; fileRef = 36728CE92385A464005FF629 /* SkyUX.framework */; settings = {ATTRIBUTES = (CodeSignOnCopy, RemoveHeadersOnCopy, ); }; };
		36728CF52385A47C005FF629 /* SkyUX.framework in Frameworks */ = {isa = PBXBuildFile; fileRef = 36728CE92385A464005FF629 /* SkyUX.framework */; };
		36728CFF2385A635005FF629 /* SkyLabel.swift in Sources */ = {isa = PBXBuildFile; fileRef = 36728CFE2385A635005FF629 /* SkyLabel.swift */; };
		36728D042385A9D8005FF629 /* SkyStyles.swift in Sources */ = {isa = PBXBuildFile; fileRef = 36DD50A1237B06D90086B12E /* SkyStyles.swift */; };
		36728D052385A9DB005FF629 /* UIColorExtensions.swift in Sources */ = {isa = PBXBuildFile; fileRef = 36DD5094237B05480086B12E /* UIColorExtensions.swift */; };
		36728D072385ABB2005FF629 /* SkyButton.swift in Sources */ = {isa = PBXBuildFile; fileRef = 36728D062385ABB2005FF629 /* SkyButton.swift */; };
		3695F81023D78F65008B86D8 /* ContactReportDictationEngine.swift in Sources */ = {isa = PBXBuildFile; fileRef = 3695F80F23D78F65008B86D8 /* ContactReportDictationEngine.swift */; };
		3695F81323D8B550008B86D8 /* SiriDemoAppProperties.framework in Frameworks */ = {isa = PBXBuildFile; fileRef = 3643CF3123D215EA00E7C1EA /* SiriDemoAppProperties.framework */; };
		36BB3A9C23B675DD007AF857 /* FileContactReportIntentHandler.swift in Sources */ = {isa = PBXBuildFile; fileRef = 36BB3A9B23B675DD007AF857 /* FileContactReportIntentHandler.swift */; };
		36BB3A9E23BA6687007AF857 /* HttpError.swift in Sources */ = {isa = PBXBuildFile; fileRef = 36BB3A9D23BA6687007AF857 /* HttpError.swift */; };
		36BB3AA023BA6728007AF857 /* SkyApiError.swift in Sources */ = {isa = PBXBuildFile; fileRef = 36BB3A9F23BA6728007AF857 /* SkyApiError.swift */; };
		36CE859A238711460040ACF4 /* blackbaud-sans-bold.otf in Resources */ = {isa = PBXBuildFile; fileRef = 36DD5098237B05D60086B12E /* blackbaud-sans-bold.otf */; };
		36CE859B2387114A0040ACF4 /* blackbaud-sans-condensed-light.otf in Resources */ = {isa = PBXBuildFile; fileRef = 36DD509A237B05D60086B12E /* blackbaud-sans-condensed-light.otf */; };
		36CE859C2387114D0040ACF4 /* blackbaud-sans-condensed-semi-bold.otf in Resources */ = {isa = PBXBuildFile; fileRef = 36DD5097237B05D60086B12E /* blackbaud-sans-condensed-semi-bold.otf */; };
		36CE859D238711510040ACF4 /* blackbaud-sans-italic.otf in Resources */ = {isa = PBXBuildFile; fileRef = 36DD509B237B05D60086B12E /* blackbaud-sans-italic.otf */; };
		36CE859E238711550040ACF4 /* blackbaud-sans.otf in Resources */ = {isa = PBXBuildFile; fileRef = 36DD5099237B05D60086B12E /* blackbaud-sans.otf */; };
		36CE85A0238712C90040ACF4 /* UIFontExtensions.swift in Sources */ = {isa = PBXBuildFile; fileRef = 36CE859F238712C90040ACF4 /* UIFontExtensions.swift */; };
		36CE85A22387284A0040ACF4 /* SkyApiAuthentication.swift in Sources */ = {isa = PBXBuildFile; fileRef = 36CE85A12387284A0040ACF4 /* SkyApiAuthentication.swift */; };
		36CE85A5238833310040ACF4 /* ISODateExtensions..swift in Sources */ = {isa = PBXBuildFile; fileRef = 36CE85A4238833310040ACF4 /* ISODateExtensions..swift */; };
		36CE85A723883CE90040ACF4 /* ConstituentSearchResponse.swift in Sources */ = {isa = PBXBuildFile; fileRef = 36CE85A623883CE90040ACF4 /* ConstituentSearchResponse.swift */; };
		36CE85A923883D370040ACF4 /* ConstituentSearchResult.swift in Sources */ = {isa = PBXBuildFile; fileRef = 36CE85A823883D370040ACF4 /* ConstituentSearchResult.swift */; };
		36CEF62D23B1453F006784A3 /* CreateActionRequest.swift in Sources */ = {isa = PBXBuildFile; fileRef = 36CEF62C23B1453F006784A3 /* CreateActionRequest.swift */; };
		36CEF62F23B148DC006784A3 /* GetVisualCodeIntentHandler.swift in Sources */ = {isa = PBXBuildFile; fileRef = 36CEF62E23B148DC006784A3 /* GetVisualCodeIntentHandler.swift */; };
		3E0D2D091E9D84D3AD64F9B0 /* Pods_Constituent.framework in Frameworks */ = {isa = PBXBuildFile; fileRef = A50799158FC4358AA24D1443 /* Pods_Constituent.framework */; };
		54DBAFB455B65FBD6B8EACDF /* Pods_SkyApiCore.framework in Frameworks */ = {isa = PBXBuildFile; fileRef = 2D329F9AC6EE1100AA46369F /* Pods_SkyApiCore.framework */; };
		825C7F122308486C00EA9EF7 /* IntentHandler.swift in Sources */ = {isa = PBXBuildFile; fileRef = 825C7F112308486C00EA9EF7 /* IntentHandler.swift */; };
		825C7F1B2308486C00EA9EF7 /* IntentsUI.framework in Frameworks */ = {isa = PBXBuildFile; fileRef = 825C7F1A2308486C00EA9EF7 /* IntentsUI.framework */; };
		825C7F1E2308486C00EA9EF7 /* IntentViewController.swift in Sources */ = {isa = PBXBuildFile; fileRef = 825C7F1D2308486C00EA9EF7 /* IntentViewController.swift */; };
		825C7F212308486C00EA9EF7 /* MainInterface.storyboard in Resources */ = {isa = PBXBuildFile; fileRef = 825C7F1F2308486C00EA9EF7 /* MainInterface.storyboard */; };
		825C7F252308486C00EA9EF7 /* ConstituentUI.appex in Embed App Extensions */ = {isa = PBXBuildFile; fileRef = 825C7F182308486C00EA9EF7 /* ConstituentUI.appex */; settings = {ATTRIBUTES = (RemoveHeadersOnCopy, ); }; };
		825C7F282308486C00EA9EF7 /* Constituent.appex in Embed App Extensions */ = {isa = PBXBuildFile; fileRef = 825C7F0F2308486C00EA9EF7 /* Constituent.appex */; settings = {ATTRIBUTES = (RemoveHeadersOnCopy, ); }; };
		82CEF6522336305A00D864F8 /* Intents.intentdefinition in Sources */ = {isa = PBXBuildFile; fileRef = 82CEF6512336305A00D864F8 /* Intents.intentdefinition */; };
		82CEF6532336305A00D864F8 /* Intents.intentdefinition in Sources */ = {isa = PBXBuildFile; fileRef = 82CEF6512336305A00D864F8 /* Intents.intentdefinition */; };
		82CEF6552336443A00D864F8 /* ConstituentInfoIntentHandler.swift in Sources */ = {isa = PBXBuildFile; fileRef = 82CEF6542336443A00D864F8 /* ConstituentInfoIntentHandler.swift */; };
		82EBEBB42308463700CCF56B /* AppDelegate.swift in Sources */ = {isa = PBXBuildFile; fileRef = 82EBEBB32308463700CCF56B /* AppDelegate.swift */; };
		82EBEBB62308463700CCF56B /* ViewController.swift in Sources */ = {isa = PBXBuildFile; fileRef = 82EBEBB52308463700CCF56B /* ViewController.swift */; };
		82EBEBB92308463700CCF56B /* Main.storyboard in Resources */ = {isa = PBXBuildFile; fileRef = 82EBEBB72308463700CCF56B /* Main.storyboard */; };
		82EBEBBB2308463900CCF56B /* Assets.xcassets in Resources */ = {isa = PBXBuildFile; fileRef = 82EBEBBA2308463900CCF56B /* Assets.xcassets */; };
		904F693D9DE77F396D3C45E6 /* Pods_SiriDemoAppProperties.framework in Frameworks */ = {isa = PBXBuildFile; fileRef = E326E459E88C0AD59B947E02 /* Pods_SiriDemoAppProperties.framework */; };
		C4381F47CB2E0BC22E2ACFBB /* Pods_SkyUX.framework in Frameworks */ = {isa = PBXBuildFile; fileRef = 437BF0A8FE6284C698794D83 /* Pods_SkyUX.framework */; };
		DA4D16737124A8E1CB50C449 /* Pods_ConstituentUI.framework in Frameworks */ = {isa = PBXBuildFile; fileRef = D5BC2D256243949F11634247 /* Pods_ConstituentUI.framework */; };
/* End PBXBuildFile section */

/* Begin PBXContainerItemProxy section */
		361F7BBE2384989400F951D0 /* PBXContainerItemProxy */ = {
			isa = PBXContainerItemProxy;
			containerPortal = 82EBEBA82308463700CCF56B /* Project object */;
			proxyType = 1;
			remoteGlobalIDString = 361F7BB82384989400F951D0;
			remoteInfo = SkyApiCore;
		};
		361F7BCA238499A900F951D0 /* PBXContainerItemProxy */ = {
			isa = PBXContainerItemProxy;
			containerPortal = 82EBEBA82308463700CCF56B /* Project object */;
			proxyType = 1;
			remoteGlobalIDString = 361F7BB82384989400F951D0;
			remoteInfo = SkyApiCore;
		};
		3643CF4423D215EA00E7C1EA /* PBXContainerItemProxy */ = {
			isa = PBXContainerItemProxy;
			containerPortal = 82EBEBA82308463700CCF56B /* Project object */;
			proxyType = 1;
			remoteGlobalIDString = 3643CF3023D215EA00E7C1EA;
			remoteInfo = SiriDemoAppProperties;
		};
		3669F82F23DB65ED000F8B80 /* PBXContainerItemProxy */ = {
			isa = PBXContainerItemProxy;
			containerPortal = 82EBEBA82308463700CCF56B /* Project object */;
			proxyType = 1;
			remoteGlobalIDString = 3669F82923DB65ED000F8B80;
			remoteInfo = SiriDemoAnalytics;
		};
		3669F83823DB6646000F8B80 /* PBXContainerItemProxy */ = {
			isa = PBXContainerItemProxy;
			containerPortal = 82EBEBA82308463700CCF56B /* Project object */;
			proxyType = 1;
			remoteGlobalIDString = 3643CF3023D215EA00E7C1EA;
			remoteInfo = SiriDemoAppProperties;
		};
		3669F84023DB7332000F8B80 /* PBXContainerItemProxy */ = {
			isa = PBXContainerItemProxy;
			containerPortal = 82EBEBA82308463700CCF56B /* Project object */;
			proxyType = 1;
			remoteGlobalIDString = 3669F82923DB65ED000F8B80;
			remoteInfo = SiriDemoAnalytics;
		};
		3669F84523DB7D59000F8B80 /* PBXContainerItemProxy */ = {
			isa = PBXContainerItemProxy;
			containerPortal = 82EBEBA82308463700CCF56B /* Project object */;
			proxyType = 1;
			remoteGlobalIDString = 3669F82923DB65ED000F8B80;
			remoteInfo = SiriDemoAnalytics;
		};
		3669F84A23DB7D65000F8B80 /* PBXContainerItemProxy */ = {
			isa = PBXContainerItemProxy;
			containerPortal = 82EBEBA82308463700CCF56B /* Project object */;
			proxyType = 1;
			remoteGlobalIDString = 3669F82923DB65ED000F8B80;
			remoteInfo = SiriDemoAnalytics;
		};
		36728CEE2385A464005FF629 /* PBXContainerItemProxy */ = {
			isa = PBXContainerItemProxy;
			containerPortal = 82EBEBA82308463700CCF56B /* Project object */;
			proxyType = 1;
			remoteGlobalIDString = 36728CE82385A464005FF629;
			remoteInfo = SkyUX;
		};
		36728CF72385A47C005FF629 /* PBXContainerItemProxy */ = {
			isa = PBXContainerItemProxy;
			containerPortal = 82EBEBA82308463700CCF56B /* Project object */;
			proxyType = 1;
			remoteGlobalIDString = 36728CE82385A464005FF629;
			remoteInfo = SkyUX;
		};
		3695F81523D8B550008B86D8 /* PBXContainerItemProxy */ = {
			isa = PBXContainerItemProxy;
			containerPortal = 82EBEBA82308463700CCF56B /* Project object */;
			proxyType = 1;
			remoteGlobalIDString = 3643CF3023D215EA00E7C1EA;
			remoteInfo = SiriDemoAppProperties;
		};
		825C7F232308486C00EA9EF7 /* PBXContainerItemProxy */ = {
			isa = PBXContainerItemProxy;
			containerPortal = 82EBEBA82308463700CCF56B /* Project object */;
			proxyType = 1;
			remoteGlobalIDString = 825C7F172308486C00EA9EF7;
			remoteInfo = ConstituentUI;
		};
		825C7F262308486C00EA9EF7 /* PBXContainerItemProxy */ = {
			isa = PBXContainerItemProxy;
			containerPortal = 82EBEBA82308463700CCF56B /* Project object */;
			proxyType = 1;
			remoteGlobalIDString = 825C7F0E2308486C00EA9EF7;
			remoteInfo = Constituent;
		};
/* End PBXContainerItemProxy section */

/* Begin PBXCopyFilesBuildPhase section */
		361F7BC22384989400F951D0 /* Embed Frameworks */ = {
			isa = PBXCopyFilesBuildPhase;
			buildActionMask = 2147483647;
			dstPath = "";
			dstSubfolderSpec = 10;
			files = (
				361F7BC12384989400F951D0 /* SkyApiCore.framework in Embed Frameworks */,
				3669F83223DB65ED000F8B80 /* SiriDemoAnalytics.framework in Embed Frameworks */,
				3643CF4723D215EA00E7C1EA /* SiriDemoAppProperties.framework in Embed Frameworks */,
				36728CF12385A464005FF629 /* SkyUX.framework in Embed Frameworks */,
			);
			name = "Embed Frameworks";
			runOnlyForDeploymentPostprocessing = 0;
		};
		825C7F2F2308486C00EA9EF7 /* Embed App Extensions */ = {
			isa = PBXCopyFilesBuildPhase;
			buildActionMask = 2147483647;
			dstPath = "";
			dstSubfolderSpec = 13;
			files = (
				825C7F252308486C00EA9EF7 /* ConstituentUI.appex in Embed App Extensions */,
				825C7F282308486C00EA9EF7 /* Constituent.appex in Embed App Extensions */,
			);
			name = "Embed App Extensions";
			runOnlyForDeploymentPostprocessing = 0;
		};
/* End PBXCopyFilesBuildPhase section */

/* Begin PBXFileReference section */
		09FEA4794F1E873A6ACF9823 /* Pods-SiriDemoAbstract-SiriDemoAnalytics.release.xcconfig */ = {isa = PBXFileReference; includeInIndex = 1; lastKnownFileType = text.xcconfig; name = "Pods-SiriDemoAbstract-SiriDemoAnalytics.release.xcconfig"; path = "Target Support Files/Pods-SiriDemoAbstract-SiriDemoAnalytics/Pods-SiriDemoAbstract-SiriDemoAnalytics.release.xcconfig"; sourceTree = "<group>"; };
		130E58BA491B3A835451ECE4 /* Pods-Siri-Demo.debug.xcconfig */ = {isa = PBXFileReference; includeInIndex = 1; lastKnownFileType = text.xcconfig; name = "Pods-Siri-Demo.debug.xcconfig"; path = "Target Support Files/Pods-Siri-Demo/Pods-Siri-Demo.debug.xcconfig"; sourceTree = "<group>"; };
		2D329F9AC6EE1100AA46369F /* Pods_SkyApiCore.framework */ = {isa = PBXFileReference; explicitFileType = wrapper.framework; includeInIndex = 0; path = Pods_SkyApiCore.framework; sourceTree = BUILT_PRODUCTS_DIR; };
		33F011A96B4B22FF9CA4F697 /* Pods-Siri-Demo.release.xcconfig */ = {isa = PBXFileReference; includeInIndex = 1; lastKnownFileType = text.xcconfig; name = "Pods-Siri-Demo.release.xcconfig"; path = "Target Support Files/Pods-Siri-Demo/Pods-Siri-Demo.release.xcconfig"; sourceTree = "<group>"; };
		361F7B8E2384630200F951D0 /* Constituent.entitlements */ = {isa = PBXFileReference; lastKnownFileType = text.plist.entitlements; path = Constituent.entitlements; sourceTree = "<group>"; };
		361F7B8F238466EC00F951D0 /* Constituent.swift */ = {isa = PBXFileReference; lastKnownFileType = sourcecode.swift; path = Constituent.swift; sourceTree = "<group>"; };
		361F7B912384777F00F951D0 /* ConstituentUI.entitlements */ = {isa = PBXFileReference; lastKnownFileType = text.plist.entitlements; path = ConstituentUI.entitlements; sourceTree = "<group>"; };
		361F7BB92384989400F951D0 /* SkyApiCore.framework */ = {isa = PBXFileReference; explicitFileType = wrapper.framework; includeInIndex = 0; path = SkyApiCore.framework; sourceTree = BUILT_PRODUCTS_DIR; };
		361F7BBB2384989400F951D0 /* SkyApiCore.h */ = {isa = PBXFileReference; lastKnownFileType = sourcecode.c.h; path = SkyApiCore.h; sourceTree = "<group>"; };
		361F7BBC2384989400F951D0 /* Info.plist */ = {isa = PBXFileReference; lastKnownFileType = text.plist.xml; path = Info.plist; sourceTree = "<group>"; };
		361F7BCE23849A8100F951D0 /* ConstituentApi.swift */ = {isa = PBXFileReference; lastKnownFileType = sourcecode.swift; path = ConstituentApi.swift; sourceTree = "<group>"; };
		361F7BD023849B5100F951D0 /* SkyApiBase.swift */ = {isa = PBXFileReference; lastKnownFileType = sourcecode.swift; path = SkyApiBase.swift; sourceTree = "<group>"; };
		362DBF6C23A3ED9F001CF1F3 /* ProfilePictureResponse.swift */ = {isa = PBXFileReference; lastKnownFileType = sourcecode.swift; path = ProfilePictureResponse.swift; sourceTree = "<group>"; };
		362DBF6E23A405AD001CF1F3 /* UIImageViewExtensions.swift */ = {isa = PBXFileReference; lastKnownFileType = sourcecode.swift; path = UIImageViewExtensions.swift; sourceTree = "<group>"; };
		362DBF7023A7CC02001CF1F3 /* SendMessageIntentHandler.swift */ = {isa = PBXFileReference; lastKnownFileType = sourcecode.swift; path = SendMessageIntentHandler.swift; sourceTree = "<group>"; };
		362DBF7223A963B8001CF1F3 /* CreateNoteIntentHandler.swift */ = {isa = PBXFileReference; lastKnownFileType = sourcecode.swift; path = CreateNoteIntentHandler.swift; sourceTree = "<group>"; };
		362DBF7423A96D4C001CF1F3 /* CreateNoteRequest.swift */ = {isa = PBXFileReference; lastKnownFileType = sourcecode.swift; path = CreateNoteRequest.swift; sourceTree = "<group>"; };
		362DBF7623A96E53001CF1F3 /* FuzzyDate.swift */ = {isa = PBXFileReference; lastKnownFileType = sourcecode.swift; path = FuzzyDate.swift; sourceTree = "<group>"; };
		362DBF7823A970FC001CF1F3 /* IdResponse.swift */ = {isa = PBXFileReference; lastKnownFileType = sourcecode.swift; path = IdResponse.swift; sourceTree = "<group>"; };
		362DBF7A23B11FBC001CF1F3 /* AddTasksIntentHandler.swift */ = {isa = PBXFileReference; lastKnownFileType = sourcecode.swift; path = AddTasksIntentHandler.swift; sourceTree = "<group>"; };
		3643CF2923D104E200E7C1EA /* OAuthToken.swift */ = {isa = PBXFileReference; lastKnownFileType = sourcecode.swift; path = OAuthToken.swift; sourceTree = "<group>"; };
		3643CF3123D215EA00E7C1EA /* SiriDemoAppProperties.framework */ = {isa = PBXFileReference; explicitFileType = wrapper.framework; includeInIndex = 0; path = SiriDemoAppProperties.framework; sourceTree = BUILT_PRODUCTS_DIR; };
		3643CF3323D215EA00E7C1EA /* SiriDemoAppProperties.h */ = {isa = PBXFileReference; lastKnownFileType = sourcecode.c.h; path = SiriDemoAppProperties.h; sourceTree = "<group>"; };
		3643CF3423D215EA00E7C1EA /* Info.plist */ = {isa = PBXFileReference; lastKnownFileType = text.plist.xml; path = Info.plist; sourceTree = "<group>"; };
		3643CF4E23D2162D00E7C1EA /* Properties.swift */ = {isa = PBXFileReference; lastKnownFileType = sourcecode.swift; path = Properties.swift; sourceTree = "<group>"; };
		3669F82A23DB65ED000F8B80 /* SiriDemoAnalytics.framework */ = {isa = PBXFileReference; explicitFileType = wrapper.framework; includeInIndex = 0; path = SiriDemoAnalytics.framework; sourceTree = BUILT_PRODUCTS_DIR; };
		3669F82C23DB65ED000F8B80 /* SiriDemoAnalytics.h */ = {isa = PBXFileReference; lastKnownFileType = sourcecode.c.h; path = SiriDemoAnalytics.h; sourceTree = "<group>"; };
		3669F82D23DB65ED000F8B80 /* Info.plist */ = {isa = PBXFileReference; lastKnownFileType = text.plist.xml; path = Info.plist; sourceTree = "<group>"; };
		3669F83B23DB682E000F8B80 /* Analytics.swift */ = {isa = PBXFileReference; lastKnownFileType = sourcecode.swift; path = Analytics.swift; sourceTree = "<group>"; };
		36728CE92385A464005FF629 /* SkyUX.framework */ = {isa = PBXFileReference; explicitFileType = wrapper.framework; includeInIndex = 0; path = SkyUX.framework; sourceTree = BUILT_PRODUCTS_DIR; };
		36728CEB2385A464005FF629 /* SkyUX.h */ = {isa = PBXFileReference; lastKnownFileType = sourcecode.c.h; path = SkyUX.h; sourceTree = "<group>"; };
		36728CEC2385A464005FF629 /* Info.plist */ = {isa = PBXFileReference; lastKnownFileType = text.plist.xml; path = Info.plist; sourceTree = "<group>"; };
		36728CFE2385A635005FF629 /* SkyLabel.swift */ = {isa = PBXFileReference; lastKnownFileType = sourcecode.swift; path = SkyLabel.swift; sourceTree = "<group>"; };
		36728D062385ABB2005FF629 /* SkyButton.swift */ = {isa = PBXFileReference; lastKnownFileType = sourcecode.swift; path = SkyButton.swift; sourceTree = "<group>"; };
		3695F80F23D78F65008B86D8 /* ContactReportDictationEngine.swift */ = {isa = PBXFileReference; lastKnownFileType = sourcecode.swift; path = ContactReportDictationEngine.swift; sourceTree = "<group>"; };
		36BB3A9B23B675DD007AF857 /* FileContactReportIntentHandler.swift */ = {isa = PBXFileReference; lastKnownFileType = sourcecode.swift; path = FileContactReportIntentHandler.swift; sourceTree = "<group>"; };
		36BB3A9D23BA6687007AF857 /* HttpError.swift */ = {isa = PBXFileReference; lastKnownFileType = sourcecode.swift; path = HttpError.swift; sourceTree = "<group>"; };
		36BB3A9F23BA6728007AF857 /* SkyApiError.swift */ = {isa = PBXFileReference; lastKnownFileType = sourcecode.swift; path = SkyApiError.swift; sourceTree = "<group>"; };
		36CE859F238712C90040ACF4 /* UIFontExtensions.swift */ = {isa = PBXFileReference; lastKnownFileType = sourcecode.swift; path = UIFontExtensions.swift; sourceTree = "<group>"; };
		36CE85A12387284A0040ACF4 /* SkyApiAuthentication.swift */ = {isa = PBXFileReference; lastKnownFileType = sourcecode.swift; path = SkyApiAuthentication.swift; sourceTree = "<group>"; };
		36CE85A4238833310040ACF4 /* ISODateExtensions..swift */ = {isa = PBXFileReference; lastKnownFileType = sourcecode.swift; path = ISODateExtensions..swift; sourceTree = "<group>"; };
		36CE85A623883CE90040ACF4 /* ConstituentSearchResponse.swift */ = {isa = PBXFileReference; lastKnownFileType = sourcecode.swift; path = ConstituentSearchResponse.swift; sourceTree = "<group>"; };
		36CE85A823883D370040ACF4 /* ConstituentSearchResult.swift */ = {isa = PBXFileReference; lastKnownFileType = sourcecode.swift; path = ConstituentSearchResult.swift; sourceTree = "<group>"; };
		36CEF62C23B1453F006784A3 /* CreateActionRequest.swift */ = {isa = PBXFileReference; lastKnownFileType = sourcecode.swift; path = CreateActionRequest.swift; sourceTree = "<group>"; };
		36CEF62E23B148DC006784A3 /* GetVisualCodeIntentHandler.swift */ = {isa = PBXFileReference; lastKnownFileType = sourcecode.swift; path = GetVisualCodeIntentHandler.swift; sourceTree = "<group>"; };
		36DD5094237B05480086B12E /* UIColorExtensions.swift */ = {isa = PBXFileReference; lastKnownFileType = sourcecode.swift; path = UIColorExtensions.swift; sourceTree = "<group>"; };
		36DD5097237B05D60086B12E /* blackbaud-sans-condensed-semi-bold.otf */ = {isa = PBXFileReference; lastKnownFileType = file; path = "blackbaud-sans-condensed-semi-bold.otf"; sourceTree = "<group>"; };
		36DD5098237B05D60086B12E /* blackbaud-sans-bold.otf */ = {isa = PBXFileReference; lastKnownFileType = file; path = "blackbaud-sans-bold.otf"; sourceTree = "<group>"; };
		36DD5099237B05D60086B12E /* blackbaud-sans.otf */ = {isa = PBXFileReference; lastKnownFileType = file; path = "blackbaud-sans.otf"; sourceTree = "<group>"; };
		36DD509A237B05D60086B12E /* blackbaud-sans-condensed-light.otf */ = {isa = PBXFileReference; lastKnownFileType = file; path = "blackbaud-sans-condensed-light.otf"; sourceTree = "<group>"; };
		36DD509B237B05D60086B12E /* blackbaud-sans-italic.otf */ = {isa = PBXFileReference; lastKnownFileType = file; path = "blackbaud-sans-italic.otf"; sourceTree = "<group>"; };
		36DD50A1237B06D90086B12E /* SkyStyles.swift */ = {isa = PBXFileReference; lastKnownFileType = sourcecode.swift; path = SkyStyles.swift; sourceTree = "<group>"; };
		3C26F1CDDE2E6D0A142C25CF /* Pods-SkyApiCore.release.xcconfig */ = {isa = PBXFileReference; includeInIndex = 1; lastKnownFileType = text.xcconfig; name = "Pods-SkyApiCore.release.xcconfig"; path = "Target Support Files/Pods-SkyApiCore/Pods-SkyApiCore.release.xcconfig"; sourceTree = "<group>"; };
		429F50A2A33FC6A814495A64 /* Pods-SiriDemoAbstract-Siri-Demo.debug.xcconfig */ = {isa = PBXFileReference; includeInIndex = 1; lastKnownFileType = text.xcconfig; name = "Pods-SiriDemoAbstract-Siri-Demo.debug.xcconfig"; path = "Target Support Files/Pods-SiriDemoAbstract-Siri-Demo/Pods-SiriDemoAbstract-Siri-Demo.debug.xcconfig"; sourceTree = "<group>"; };
		437BF0A8FE6284C698794D83 /* Pods_SkyUX.framework */ = {isa = PBXFileReference; explicitFileType = wrapper.framework; includeInIndex = 0; path = Pods_SkyUX.framework; sourceTree = BUILT_PRODUCTS_DIR; };
		530865BB4F7C4E62A442B159 /* Pods_Siri_Demo.framework */ = {isa = PBXFileReference; explicitFileType = wrapper.framework; includeInIndex = 0; path = Pods_Siri_Demo.framework; sourceTree = BUILT_PRODUCTS_DIR; };
		5AA018867CF55E7E4A9EA512 /* Pods-SkyUX.debug.xcconfig */ = {isa = PBXFileReference; includeInIndex = 1; lastKnownFileType = text.xcconfig; name = "Pods-SkyUX.debug.xcconfig"; path = "Target Support Files/Pods-SkyUX/Pods-SkyUX.debug.xcconfig"; sourceTree = "<group>"; };
		5CF210451A2936003AA872E0 /* Pods_SiriDemoAnalytics.framework */ = {isa = PBXFileReference; explicitFileType = wrapper.framework; includeInIndex = 0; path = Pods_SiriDemoAnalytics.framework; sourceTree = BUILT_PRODUCTS_DIR; };
		5EF041FCF1FF6E87B16B45BF /* Pods-ConstituentUI.debug.xcconfig */ = {isa = PBXFileReference; includeInIndex = 1; lastKnownFileType = text.xcconfig; name = "Pods-ConstituentUI.debug.xcconfig"; path = "Target Support Files/Pods-ConstituentUI/Pods-ConstituentUI.debug.xcconfig"; sourceTree = "<group>"; };
		825C7F0A2308466800EA9EF7 /* Siri-Demo.entitlements */ = {isa = PBXFileReference; lastKnownFileType = text.plist.entitlements; path = "Siri-Demo.entitlements"; sourceTree = "<group>"; };
		825C7F0F2308486C00EA9EF7 /* Constituent.appex */ = {isa = PBXFileReference; explicitFileType = "wrapper.app-extension"; includeInIndex = 0; path = Constituent.appex; sourceTree = BUILT_PRODUCTS_DIR; };
		825C7F112308486C00EA9EF7 /* IntentHandler.swift */ = {isa = PBXFileReference; lastKnownFileType = sourcecode.swift; path = IntentHandler.swift; sourceTree = "<group>"; };
		825C7F132308486C00EA9EF7 /* Info.plist */ = {isa = PBXFileReference; lastKnownFileType = text.plist.xml; path = Info.plist; sourceTree = "<group>"; };
		825C7F182308486C00EA9EF7 /* ConstituentUI.appex */ = {isa = PBXFileReference; explicitFileType = "wrapper.app-extension"; includeInIndex = 0; path = ConstituentUI.appex; sourceTree = BUILT_PRODUCTS_DIR; };
		825C7F1A2308486C00EA9EF7 /* IntentsUI.framework */ = {isa = PBXFileReference; lastKnownFileType = wrapper.framework; name = IntentsUI.framework; path = System/Library/Frameworks/IntentsUI.framework; sourceTree = SDKROOT; };
		825C7F1D2308486C00EA9EF7 /* IntentViewController.swift */ = {isa = PBXFileReference; lastKnownFileType = sourcecode.swift; path = IntentViewController.swift; sourceTree = "<group>"; };
		825C7F202308486C00EA9EF7 /* Base */ = {isa = PBXFileReference; lastKnownFileType = file.storyboard; name = Base; path = Base.lproj/MainInterface.storyboard; sourceTree = "<group>"; };
		825C7F222308486C00EA9EF7 /* Info.plist */ = {isa = PBXFileReference; lastKnownFileType = text.plist.xml; path = Info.plist; sourceTree = "<group>"; };
		82CEF6512336305A00D864F8 /* Intents.intentdefinition */ = {isa = PBXFileReference; lastKnownFileType = file.intentdefinition; path = Intents.intentdefinition; sourceTree = "<group>"; };
		82CEF6542336443A00D864F8 /* ConstituentInfoIntentHandler.swift */ = {isa = PBXFileReference; lastKnownFileType = sourcecode.swift; path = ConstituentInfoIntentHandler.swift; sourceTree = "<group>"; };
		82EBEBB02308463700CCF56B /* SKY Siri Sample.app */ = {isa = PBXFileReference; explicitFileType = wrapper.application; includeInIndex = 0; path = "SKY Siri Sample.app"; sourceTree = BUILT_PRODUCTS_DIR; };
		82EBEBB32308463700CCF56B /* AppDelegate.swift */ = {isa = PBXFileReference; lastKnownFileType = sourcecode.swift; path = AppDelegate.swift; sourceTree = "<group>"; };
		82EBEBB52308463700CCF56B /* ViewController.swift */ = {isa = PBXFileReference; lastKnownFileType = sourcecode.swift; path = ViewController.swift; sourceTree = "<group>"; };
		82EBEBB82308463700CCF56B /* Base */ = {isa = PBXFileReference; lastKnownFileType = file.storyboard; name = Base; path = Base.lproj/Main.storyboard; sourceTree = "<group>"; };
		82EBEBBA2308463900CCF56B /* Assets.xcassets */ = {isa = PBXFileReference; lastKnownFileType = folder.assetcatalog; path = Assets.xcassets; sourceTree = "<group>"; };
		82EBEBBF2308463900CCF56B /* Info.plist */ = {isa = PBXFileReference; lastKnownFileType = text.plist.xml; path = Info.plist; sourceTree = "<group>"; };
		8B8D909505D6434D9EEF2DC7 /* Pods-SiriDemoAnalytics.debug.xcconfig */ = {isa = PBXFileReference; includeInIndex = 1; lastKnownFileType = text.xcconfig; name = "Pods-SiriDemoAnalytics.debug.xcconfig"; path = "Target Support Files/Pods-SiriDemoAnalytics/Pods-SiriDemoAnalytics.debug.xcconfig"; sourceTree = "<group>"; };
		908CF1DDBEE55D91AD1080BD /* Pods-SiriDemoAppProperties.debug.xcconfig */ = {isa = PBXFileReference; includeInIndex = 1; lastKnownFileType = text.xcconfig; name = "Pods-SiriDemoAppProperties.debug.xcconfig"; path = "Target Support Files/Pods-SiriDemoAppProperties/Pods-SiriDemoAppProperties.debug.xcconfig"; sourceTree = "<group>"; };
		93E8A837A1C72D33C0D63CD5 /* Pods-Constituent.release.xcconfig */ = {isa = PBXFileReference; includeInIndex = 1; lastKnownFileType = text.xcconfig; name = "Pods-Constituent.release.xcconfig"; path = "Target Support Files/Pods-Constituent/Pods-Constituent.release.xcconfig"; sourceTree = "<group>"; };
		9FDBEEA93F79AC1E16DACCE1 /* Pods-ConstituentUI.release.xcconfig */ = {isa = PBXFileReference; includeInIndex = 1; lastKnownFileType = text.xcconfig; name = "Pods-ConstituentUI.release.xcconfig"; path = "Target Support Files/Pods-ConstituentUI/Pods-ConstituentUI.release.xcconfig"; sourceTree = "<group>"; };
		A044652BE0882AC725601C2F /* Pods-SiriDemoAbstract-Siri-Demo.release.xcconfig */ = {isa = PBXFileReference; includeInIndex = 1; lastKnownFileType = text.xcconfig; name = "Pods-SiriDemoAbstract-Siri-Demo.release.xcconfig"; path = "Target Support Files/Pods-SiriDemoAbstract-Siri-Demo/Pods-SiriDemoAbstract-Siri-Demo.release.xcconfig"; sourceTree = "<group>"; };
		A4042C1DCB9999BFD02A0315 /* Pods-SiriDemoAbstract-ConstituentUI.release.xcconfig */ = {isa = PBXFileReference; includeInIndex = 1; lastKnownFileType = text.xcconfig; name = "Pods-SiriDemoAbstract-ConstituentUI.release.xcconfig"; path = "Target Support Files/Pods-SiriDemoAbstract-ConstituentUI/Pods-SiriDemoAbstract-ConstituentUI.release.xcconfig"; sourceTree = "<group>"; };
		A434F0E277EF6F8D3763C996 /* Pods-SiriDemoAbstract-Constituent.release.xcconfig */ = {isa = PBXFileReference; includeInIndex = 1; lastKnownFileType = text.xcconfig; name = "Pods-SiriDemoAbstract-Constituent.release.xcconfig"; path = "Target Support Files/Pods-SiriDemoAbstract-Constituent/Pods-SiriDemoAbstract-Constituent.release.xcconfig"; sourceTree = "<group>"; };
		A50799158FC4358AA24D1443 /* Pods_Constituent.framework */ = {isa = PBXFileReference; explicitFileType = wrapper.framework; includeInIndex = 0; path = Pods_Constituent.framework; sourceTree = BUILT_PRODUCTS_DIR; };
		B444E3A88939FE8AA75431B9 /* Pods-SkyApiCore.debug.xcconfig */ = {isa = PBXFileReference; includeInIndex = 1; lastKnownFileType = text.xcconfig; name = "Pods-SkyApiCore.debug.xcconfig"; path = "Target Support Files/Pods-SkyApiCore/Pods-SkyApiCore.debug.xcconfig"; sourceTree = "<group>"; };
		B69FF177D82CA6CB7F6B0532 /* Pods-SiriDemoAbstract-Constituent.debug.xcconfig */ = {isa = PBXFileReference; includeInIndex = 1; lastKnownFileType = text.xcconfig; name = "Pods-SiriDemoAbstract-Constituent.debug.xcconfig"; path = "Target Support Files/Pods-SiriDemoAbstract-Constituent/Pods-SiriDemoAbstract-Constituent.debug.xcconfig"; sourceTree = "<group>"; };
		BBE515240468DC60D46916BA /* Pods-SiriDemoAbstract-SiriDemoAnalytics.debug.xcconfig */ = {isa = PBXFileReference; includeInIndex = 1; lastKnownFileType = text.xcconfig; name = "Pods-SiriDemoAbstract-SiriDemoAnalytics.debug.xcconfig"; path = "Target Support Files/Pods-SiriDemoAbstract-SiriDemoAnalytics/Pods-SiriDemoAbstract-SiriDemoAnalytics.debug.xcconfig"; sourceTree = "<group>"; };
		C91767DBE0001C64B187A792 /* Pods-SiriDemoAnalytics.release.xcconfig */ = {isa = PBXFileReference; includeInIndex = 1; lastKnownFileType = text.xcconfig; name = "Pods-SiriDemoAnalytics.release.xcconfig"; path = "Target Support Files/Pods-SiriDemoAnalytics/Pods-SiriDemoAnalytics.release.xcconfig"; sourceTree = "<group>"; };
		CD9EA02386E3776D6231727F /* Pods-Constituent.debug.xcconfig */ = {isa = PBXFileReference; includeInIndex = 1; lastKnownFileType = text.xcconfig; name = "Pods-Constituent.debug.xcconfig"; path = "Target Support Files/Pods-Constituent/Pods-Constituent.debug.xcconfig"; sourceTree = "<group>"; };
		D5BC2D256243949F11634247 /* Pods_ConstituentUI.framework */ = {isa = PBXFileReference; explicitFileType = wrapper.framework; includeInIndex = 0; path = Pods_ConstituentUI.framework; sourceTree = BUILT_PRODUCTS_DIR; };
		E326E459E88C0AD59B947E02 /* Pods_SiriDemoAppProperties.framework */ = {isa = PBXFileReference; explicitFileType = wrapper.framework; includeInIndex = 0; path = Pods_SiriDemoAppProperties.framework; sourceTree = BUILT_PRODUCTS_DIR; };
		F121DD7197930E7F5D23FE45 /* Pods-SiriDemoAppProperties.release.xcconfig */ = {isa = PBXFileReference; includeInIndex = 1; lastKnownFileType = text.xcconfig; name = "Pods-SiriDemoAppProperties.release.xcconfig"; path = "Target Support Files/Pods-SiriDemoAppProperties/Pods-SiriDemoAppProperties.release.xcconfig"; sourceTree = "<group>"; };
		F4E8DC01501E06FBBAA548C6 /* Pods-SiriDemoAbstract-ConstituentUI.debug.xcconfig */ = {isa = PBXFileReference; includeInIndex = 1; lastKnownFileType = text.xcconfig; name = "Pods-SiriDemoAbstract-ConstituentUI.debug.xcconfig"; path = "Target Support Files/Pods-SiriDemoAbstract-ConstituentUI/Pods-SiriDemoAbstract-ConstituentUI.debug.xcconfig"; sourceTree = "<group>"; };
		F7979718B77688A42BDCD2FB /* Pods-SkyUX.release.xcconfig */ = {isa = PBXFileReference; includeInIndex = 1; lastKnownFileType = text.xcconfig; name = "Pods-SkyUX.release.xcconfig"; path = "Target Support Files/Pods-SkyUX/Pods-SkyUX.release.xcconfig"; sourceTree = "<group>"; };
/* End PBXFileReference section */

/* Begin PBXFrameworksBuildPhase section */
		361F7BB62384989400F951D0 /* Frameworks */ = {
			isa = PBXFrameworksBuildPhase;
			buildActionMask = 2147483647;
			files = (
				3669F84323DB7D58000F8B80 /* SiriDemoAnalytics.framework in Frameworks */,
				3695F81323D8B550008B86D8 /* SiriDemoAppProperties.framework in Frameworks */,
				54DBAFB455B65FBD6B8EACDF /* Pods_SkyApiCore.framework in Frameworks */,
			);
			runOnlyForDeploymentPostprocessing = 0;
		};
		3643CF2E23D215EA00E7C1EA /* Frameworks */ = {
			isa = PBXFrameworksBuildPhase;
			buildActionMask = 2147483647;
			files = (
				904F693D9DE77F396D3C45E6 /* Pods_SiriDemoAppProperties.framework in Frameworks */,
			);
			runOnlyForDeploymentPostprocessing = 0;
		};
		3669F82723DB65ED000F8B80 /* Frameworks */ = {
			isa = PBXFrameworksBuildPhase;
			buildActionMask = 2147483647;
			files = (
				3669F83623DB6646000F8B80 /* SiriDemoAppProperties.framework in Frameworks */,
				1B1DE93CDA58CD7557D73050 /* Pods_SiriDemoAnalytics.framework in Frameworks */,
			);
			runOnlyForDeploymentPostprocessing = 0;
		};
		36728CE62385A464005FF629 /* Frameworks */ = {
			isa = PBXFrameworksBuildPhase;
			buildActionMask = 2147483647;
			files = (
				C4381F47CB2E0BC22E2ACFBB /* Pods_SkyUX.framework in Frameworks */,
			);
			runOnlyForDeploymentPostprocessing = 0;
		};
		825C7F0C2308486C00EA9EF7 /* Frameworks */ = {
			isa = PBXFrameworksBuildPhase;
			buildActionMask = 2147483647;
			files = (
				3669F83E23DB7332000F8B80 /* SiriDemoAnalytics.framework in Frameworks */,
				361F7BC8238499A900F951D0 /* SkyApiCore.framework in Frameworks */,
				3E0D2D091E9D84D3AD64F9B0 /* Pods_Constituent.framework in Frameworks */,
			);
			runOnlyForDeploymentPostprocessing = 0;
		};
		825C7F152308486C00EA9EF7 /* Frameworks */ = {
			isa = PBXFrameworksBuildPhase;
			buildActionMask = 2147483647;
			files = (
				3669F84823DB7D65000F8B80 /* SiriDemoAnalytics.framework in Frameworks */,
				825C7F1B2308486C00EA9EF7 /* IntentsUI.framework in Frameworks */,
				36728CF52385A47C005FF629 /* SkyUX.framework in Frameworks */,
				364C089923D9FB2F0033D6D2 /* SkyApiCore.framework in Frameworks */,
				DA4D16737124A8E1CB50C449 /* Pods_ConstituentUI.framework in Frameworks */,
			);
			runOnlyForDeploymentPostprocessing = 0;
		};
		82EBEBAD2308463700CCF56B /* Frameworks */ = {
			isa = PBXFrameworksBuildPhase;
			buildActionMask = 2147483647;
			files = (
				361F7BC02384989400F951D0 /* SkyApiCore.framework in Frameworks */,
				3643CF4623D215EA00E7C1EA /* SiriDemoAppProperties.framework in Frameworks */,
				36728CF02385A464005FF629 /* SkyUX.framework in Frameworks */,
				3669F83123DB65ED000F8B80 /* SiriDemoAnalytics.framework in Frameworks */,
				183C3526610CE947097206BE /* Pods_Siri_Demo.framework in Frameworks */,
			);
			runOnlyForDeploymentPostprocessing = 0;
		};
/* End PBXFrameworksBuildPhase section */

/* Begin PBXGroup section */
		361F7BBA2384989400F951D0 /* SkyApiCore */ = {
			isa = PBXGroup;
			children = (
				36CE85A3238833190040ACF4 /* Extensions */,
				361F7BCD23849A5F00F951D0 /* BusinessLogic */,
				361F7BC6238498A100F951D0 /* Models */,
				361F7BBB2384989400F951D0 /* SkyApiCore.h */,
				361F7BBC2384989400F951D0 /* Info.plist */,
			);
			path = SkyApiCore;
			sourceTree = "<group>";
		};
		361F7BC6238498A100F951D0 /* Models */ = {
			isa = PBXGroup;
			children = (
				3643CF5023D2503900E7C1EA /* Errors */,
				361F7B8F238466EC00F951D0 /* Constituent.swift */,
				36CE85A623883CE90040ACF4 /* ConstituentSearchResponse.swift */,
				36CE85A823883D370040ACF4 /* ConstituentSearchResult.swift */,
				362DBF6C23A3ED9F001CF1F3 /* ProfilePictureResponse.swift */,
				362DBF7423A96D4C001CF1F3 /* CreateNoteRequest.swift */,
				362DBF7623A96E53001CF1F3 /* FuzzyDate.swift */,
				362DBF7823A970FC001CF1F3 /* IdResponse.swift */,
				36CEF62C23B1453F006784A3 /* CreateActionRequest.swift */,
				3643CF2923D104E200E7C1EA /* OAuthToken.swift */,
			);
			path = Models;
			sourceTree = "<group>";
		};
		361F7BCD23849A5F00F951D0 /* BusinessLogic */ = {
			isa = PBXGroup;
			children = (
				361F7BCE23849A8100F951D0 /* ConstituentApi.swift */,
				361F7BD023849B5100F951D0 /* SkyApiBase.swift */,
				36CE85A12387284A0040ACF4 /* SkyApiAuthentication.swift */,
			);
			path = BusinessLogic;
			sourceTree = "<group>";
		};
		3643CF3223D215EA00E7C1EA /* SiriDemoAppProperties */ = {
			isa = PBXGroup;
			children = (
				3643CF3323D215EA00E7C1EA /* SiriDemoAppProperties.h */,
				3643CF3423D215EA00E7C1EA /* Info.plist */,
				3643CF4E23D2162D00E7C1EA /* Properties.swift */,
			);
			path = SiriDemoAppProperties;
			sourceTree = "<group>";
		};
		3643CF5023D2503900E7C1EA /* Errors */ = {
			isa = PBXGroup;
			children = (
				36BB3A9F23BA6728007AF857 /* SkyApiError.swift */,
				36BB3A9D23BA6687007AF857 /* HttpError.swift */,
			);
			path = Errors;
			sourceTree = "<group>";
		};
		3669F82B23DB65ED000F8B80 /* SiriDemoAnalytics */ = {
			isa = PBXGroup;
			children = (
				3669F82C23DB65ED000F8B80 /* SiriDemoAnalytics.h */,
				3669F82D23DB65ED000F8B80 /* Info.plist */,
				3669F83B23DB682E000F8B80 /* Analytics.swift */,
			);
			path = SiriDemoAnalytics;
			sourceTree = "<group>";
		};
		3669F83D23DB72FC000F8B80 /* Unused */ = {
			isa = PBXGroup;
			children = (
				362DBF7023A7CC02001CF1F3 /* SendMessageIntentHandler.swift */,
				362DBF7223A963B8001CF1F3 /* CreateNoteIntentHandler.swift */,
				362DBF7A23B11FBC001CF1F3 /* AddTasksIntentHandler.swift */,
				36CEF62E23B148DC006784A3 /* GetVisualCodeIntentHandler.swift */,
			);
			path = Unused;
			sourceTree = "<group>";
		};
		36728CEA2385A464005FF629 /* SkyUX */ = {
			isa = PBXGroup;
			children = (
				36DD5096237B05AB0086B12E /* Resources */,
				36728D002385A6FA005FF629 /* Styles */,
				36728CFA2385A4C2005FF629 /* Components */,
				36728CEB2385A464005FF629 /* SkyUX.h */,
				36728CEC2385A464005FF629 /* Info.plist */,
			);
			path = SkyUX;
			sourceTree = "<group>";
		};
		36728CFA2385A4C2005FF629 /* Components */ = {
			isa = PBXGroup;
			children = (
				36728CFE2385A635005FF629 /* SkyLabel.swift */,
				36728D062385ABB2005FF629 /* SkyButton.swift */,
			);
			path = Components;
			sourceTree = "<group>";
		};
		36728D002385A6FA005FF629 /* Styles */ = {
			isa = PBXGroup;
			children = (
				36DD50A1237B06D90086B12E /* SkyStyles.swift */,
				36DD5094237B05480086B12E /* UIColorExtensions.swift */,
				36CE859F238712C90040ACF4 /* UIFontExtensions.swift */,
			);
			path = Styles;
			sourceTree = "<group>";
		};
		36CE85A3238833190040ACF4 /* Extensions */ = {
			isa = PBXGroup;
			children = (
				36CE85A4238833310040ACF4 /* ISODateExtensions..swift */,
			);
			path = Extensions;
			sourceTree = "<group>";
		};
		36DD5096237B05AB0086B12E /* Resources */ = {
			isa = PBXGroup;
			children = (
				36DD5098237B05D60086B12E /* blackbaud-sans-bold.otf */,
				36DD509A237B05D60086B12E /* blackbaud-sans-condensed-light.otf */,
				36DD5097237B05D60086B12E /* blackbaud-sans-condensed-semi-bold.otf */,
				36DD509B237B05D60086B12E /* blackbaud-sans-italic.otf */,
				36DD5099237B05D60086B12E /* blackbaud-sans.otf */,
			);
			path = Resources;
			sourceTree = "<group>";
		};
		3ABF6C272E35D6D8640FB995 /* Pods */ = {
			isa = PBXGroup;
			children = (
				B69FF177D82CA6CB7F6B0532 /* Pods-SiriDemoAbstract-Constituent.debug.xcconfig */,
				A434F0E277EF6F8D3763C996 /* Pods-SiriDemoAbstract-Constituent.release.xcconfig */,
				F4E8DC01501E06FBBAA548C6 /* Pods-SiriDemoAbstract-ConstituentUI.debug.xcconfig */,
				A4042C1DCB9999BFD02A0315 /* Pods-SiriDemoAbstract-ConstituentUI.release.xcconfig */,
				429F50A2A33FC6A814495A64 /* Pods-SiriDemoAbstract-Siri-Demo.debug.xcconfig */,
				A044652BE0882AC725601C2F /* Pods-SiriDemoAbstract-Siri-Demo.release.xcconfig */,
				908CF1DDBEE55D91AD1080BD /* Pods-SiriDemoAppProperties.debug.xcconfig */,
				F121DD7197930E7F5D23FE45 /* Pods-SiriDemoAppProperties.release.xcconfig */,
				B444E3A88939FE8AA75431B9 /* Pods-SkyApiCore.debug.xcconfig */,
				3C26F1CDDE2E6D0A142C25CF /* Pods-SkyApiCore.release.xcconfig */,
				5AA018867CF55E7E4A9EA512 /* Pods-SkyUX.debug.xcconfig */,
				F7979718B77688A42BDCD2FB /* Pods-SkyUX.release.xcconfig */,
				BBE515240468DC60D46916BA /* Pods-SiriDemoAbstract-SiriDemoAnalytics.debug.xcconfig */,
				09FEA4794F1E873A6ACF9823 /* Pods-SiriDemoAbstract-SiriDemoAnalytics.release.xcconfig */,
				CD9EA02386E3776D6231727F /* Pods-Constituent.debug.xcconfig */,
				93E8A837A1C72D33C0D63CD5 /* Pods-Constituent.release.xcconfig */,
				5EF041FCF1FF6E87B16B45BF /* Pods-ConstituentUI.debug.xcconfig */,
				9FDBEEA93F79AC1E16DACCE1 /* Pods-ConstituentUI.release.xcconfig */,
				130E58BA491B3A835451ECE4 /* Pods-Siri-Demo.debug.xcconfig */,
				33F011A96B4B22FF9CA4F697 /* Pods-Siri-Demo.release.xcconfig */,
				8B8D909505D6434D9EEF2DC7 /* Pods-SiriDemoAnalytics.debug.xcconfig */,
				C91767DBE0001C64B187A792 /* Pods-SiriDemoAnalytics.release.xcconfig */,
			);
			path = Pods;
			sourceTree = "<group>";
		};
		825C7F102308486C00EA9EF7 /* Constituent */ = {
			isa = PBXGroup;
			children = (
				3669F83D23DB72FC000F8B80 /* Unused */,
				361F7B8E2384630200F951D0 /* Constituent.entitlements */,
				825C7F112308486C00EA9EF7 /* IntentHandler.swift */,
				825C7F132308486C00EA9EF7 /* Info.plist */,
				82CEF6542336443A00D864F8 /* ConstituentInfoIntentHandler.swift */,
				36BB3A9B23B675DD007AF857 /* FileContactReportIntentHandler.swift */,
			);
			path = Constituent;
			sourceTree = "<group>";
		};
		825C7F192308486C00EA9EF7 /* Frameworks */ = {
			isa = PBXGroup;
			children = (
				825C7F1A2308486C00EA9EF7 /* IntentsUI.framework */,
				E326E459E88C0AD59B947E02 /* Pods_SiriDemoAppProperties.framework */,
				2D329F9AC6EE1100AA46369F /* Pods_SkyApiCore.framework */,
				437BF0A8FE6284C698794D83 /* Pods_SkyUX.framework */,
				A50799158FC4358AA24D1443 /* Pods_Constituent.framework */,
				D5BC2D256243949F11634247 /* Pods_ConstituentUI.framework */,
				530865BB4F7C4E62A442B159 /* Pods_Siri_Demo.framework */,
				5CF210451A2936003AA872E0 /* Pods_SiriDemoAnalytics.framework */,
			);
			name = Frameworks;
			sourceTree = "<group>";
		};
		825C7F1C2308486C00EA9EF7 /* ConstituentUI */ = {
			isa = PBXGroup;
			children = (
				361F7B912384777F00F951D0 /* ConstituentUI.entitlements */,
				825C7F1D2308486C00EA9EF7 /* IntentViewController.swift */,
				825C7F1F2308486C00EA9EF7 /* MainInterface.storyboard */,
				825C7F222308486C00EA9EF7 /* Info.plist */,
				362DBF6E23A405AD001CF1F3 /* UIImageViewExtensions.swift */,
			);
			path = ConstituentUI;
			sourceTree = "<group>";
		};
		82EBEBA72308463700CCF56B = {
			isa = PBXGroup;
			children = (
				82CEF6512336305A00D864F8 /* Intents.intentdefinition */,
				82EBEBB22308463700CCF56B /* Siri-Demo */,
				825C7F102308486C00EA9EF7 /* Constituent */,
				825C7F1C2308486C00EA9EF7 /* ConstituentUI */,
				361F7BBA2384989400F951D0 /* SkyApiCore */,
				36728CEA2385A464005FF629 /* SkyUX */,
				3643CF3223D215EA00E7C1EA /* SiriDemoAppProperties */,
				3669F82B23DB65ED000F8B80 /* SiriDemoAnalytics */,
				825C7F192308486C00EA9EF7 /* Frameworks */,
				82EBEBB12308463700CCF56B /* Products */,
				3ABF6C272E35D6D8640FB995 /* Pods */,
			);
			sourceTree = "<group>";
		};
		82EBEBB12308463700CCF56B /* Products */ = {
			isa = PBXGroup;
			children = (
				82EBEBB02308463700CCF56B /* SKY Siri Sample.app */,
				825C7F0F2308486C00EA9EF7 /* Constituent.appex */,
				825C7F182308486C00EA9EF7 /* ConstituentUI.appex */,
				361F7BB92384989400F951D0 /* SkyApiCore.framework */,
				36728CE92385A464005FF629 /* SkyUX.framework */,
				3643CF3123D215EA00E7C1EA /* SiriDemoAppProperties.framework */,
				3669F82A23DB65ED000F8B80 /* SiriDemoAnalytics.framework */,
			);
			name = Products;
			sourceTree = "<group>";
		};
		82EBEBB22308463700CCF56B /* Siri-Demo */ = {
			isa = PBXGroup;
			children = (
				825C7F0A2308466800EA9EF7 /* Siri-Demo.entitlements */,
				82EBEBB32308463700CCF56B /* AppDelegate.swift */,
				82EBEBB52308463700CCF56B /* ViewController.swift */,
				82EBEBB72308463700CCF56B /* Main.storyboard */,
				82EBEBBA2308463900CCF56B /* Assets.xcassets */,
				82EBEBBF2308463900CCF56B /* Info.plist */,
				3695F80F23D78F65008B86D8 /* ContactReportDictationEngine.swift */,
			);
			path = "Siri-Demo";
			sourceTree = "<group>";
		};
/* End PBXGroup section */

/* Begin PBXHeadersBuildPhase section */
		361F7BB42384989400F951D0 /* Headers */ = {
			isa = PBXHeadersBuildPhase;
			buildActionMask = 2147483647;
			files = (
				361F7BBD2384989400F951D0 /* SkyApiCore.h in Headers */,
			);
			runOnlyForDeploymentPostprocessing = 0;
		};
		3643CF2C23D215EA00E7C1EA /* Headers */ = {
			isa = PBXHeadersBuildPhase;
			buildActionMask = 2147483647;
			files = (
				3643CF4323D215EA00E7C1EA /* SiriDemoAppProperties.h in Headers */,
			);
			runOnlyForDeploymentPostprocessing = 0;
		};
		3669F82523DB65ED000F8B80 /* Headers */ = {
			isa = PBXHeadersBuildPhase;
			buildActionMask = 2147483647;
			files = (
				3669F82E23DB65ED000F8B80 /* SiriDemoAnalytics.h in Headers */,
			);
			runOnlyForDeploymentPostprocessing = 0;
		};
		36728CE42385A464005FF629 /* Headers */ = {
			isa = PBXHeadersBuildPhase;
			buildActionMask = 2147483647;
			files = (
				36728CED2385A464005FF629 /* SkyUX.h in Headers */,
			);
			runOnlyForDeploymentPostprocessing = 0;
		};
/* End PBXHeadersBuildPhase section */

/* Begin PBXNativeTarget section */
		361F7BB82384989400F951D0 /* SkyApiCore */ = {
			isa = PBXNativeTarget;
			buildConfigurationList = 361F7BC52384989400F951D0 /* Build configuration list for PBXNativeTarget "SkyApiCore" */;
			buildPhases = (
				BFED1FCBC9FE0475CACBF4B5 /* [CP] Check Pods Manifest.lock */,
				361F7BB42384989400F951D0 /* Headers */,
				361F7BB52384989400F951D0 /* Sources */,
				361F7BB62384989400F951D0 /* Frameworks */,
				361F7BB72384989400F951D0 /* Resources */,
			);
			buildRules = (
			);
			dependencies = (
				3695F81623D8B550008B86D8 /* PBXTargetDependency */,
				3669F84623DB7D59000F8B80 /* PBXTargetDependency */,
			);
			name = SkyApiCore;
			productName = SkyApiCore;
			productReference = 361F7BB92384989400F951D0 /* SkyApiCore.framework */;
			productType = "com.apple.product-type.framework";
		};
		3643CF3023D215EA00E7C1EA /* SiriDemoAppProperties */ = {
			isa = PBXNativeTarget;
			buildConfigurationList = 3643CF4823D215EA00E7C1EA /* Build configuration list for PBXNativeTarget "SiriDemoAppProperties" */;
			buildPhases = (
				38F2B32510F0593CEA7EB733 /* [CP] Check Pods Manifest.lock */,
				3643CF2C23D215EA00E7C1EA /* Headers */,
				3643CF2D23D215EA00E7C1EA /* Sources */,
				3643CF2E23D215EA00E7C1EA /* Frameworks */,
				3643CF2F23D215EA00E7C1EA /* Resources */,
			);
			buildRules = (
			);
			dependencies = (
			);
			name = SiriDemoAppProperties;
			productName = SiriDemoAppProperties;
			productReference = 3643CF3123D215EA00E7C1EA /* SiriDemoAppProperties.framework */;
			productType = "com.apple.product-type.framework";
		};
		3669F82923DB65ED000F8B80 /* SiriDemoAnalytics */ = {
			isa = PBXNativeTarget;
			buildConfigurationList = 3669F83523DB65ED000F8B80 /* Build configuration list for PBXNativeTarget "SiriDemoAnalytics" */;
			buildPhases = (
				0E66D4BE0FBCE2B12998899C /* [CP] Check Pods Manifest.lock */,
				3669F82523DB65ED000F8B80 /* Headers */,
				3669F82623DB65ED000F8B80 /* Sources */,
				3669F82723DB65ED000F8B80 /* Frameworks */,
				3669F82823DB65ED000F8B80 /* Resources */,
			);
			buildRules = (
			);
			dependencies = (
				3669F83923DB6646000F8B80 /* PBXTargetDependency */,
			);
			name = SiriDemoAnalytics;
			productName = SiriDemoAnalytics;
			productReference = 3669F82A23DB65ED000F8B80 /* SiriDemoAnalytics.framework */;
			productType = "com.apple.product-type.framework";
		};
		36728CE82385A464005FF629 /* SkyUX */ = {
			isa = PBXNativeTarget;
			buildConfigurationList = 36728CF42385A464005FF629 /* Build configuration list for PBXNativeTarget "SkyUX" */;
			buildPhases = (
				20E27FAC1DA24E04ED8188B0 /* [CP] Check Pods Manifest.lock */,
				36728CE42385A464005FF629 /* Headers */,
				36728CE52385A464005FF629 /* Sources */,
				36728CE62385A464005FF629 /* Frameworks */,
				36728CE72385A464005FF629 /* Resources */,
			);
			buildRules = (
			);
			dependencies = (
			);
			name = SkyUX;
			productName = SkyUX;
			productReference = 36728CE92385A464005FF629 /* SkyUX.framework */;
			productType = "com.apple.product-type.framework";
		};
		825C7F0E2308486C00EA9EF7 /* Constituent */ = {
			isa = PBXNativeTarget;
			buildConfigurationList = 825C7F2C2308486C00EA9EF7 /* Build configuration list for PBXNativeTarget "Constituent" */;
			buildPhases = (
				020B6055499C5343C07362E9 /* [CP] Check Pods Manifest.lock */,
				825C7F0B2308486C00EA9EF7 /* Sources */,
				825C7F0C2308486C00EA9EF7 /* Frameworks */,
				825C7F0D2308486C00EA9EF7 /* Resources */,
			);
			buildRules = (
			);
			dependencies = (
				361F7BCB238499A900F951D0 /* PBXTargetDependency */,
				3669F84123DB7332000F8B80 /* PBXTargetDependency */,
			);
			name = Constituent;
			productName = Constituent;
			productReference = 825C7F0F2308486C00EA9EF7 /* Constituent.appex */;
			productType = "com.apple.product-type.app-extension";
		};
		825C7F172308486C00EA9EF7 /* ConstituentUI */ = {
			isa = PBXNativeTarget;
			buildConfigurationList = 825C7F292308486C00EA9EF7 /* Build configuration list for PBXNativeTarget "ConstituentUI" */;
			buildPhases = (
				B7AD8D7357CE6CFADC1AEA74 /* [CP] Check Pods Manifest.lock */,
				825C7F142308486C00EA9EF7 /* Sources */,
				825C7F152308486C00EA9EF7 /* Frameworks */,
				825C7F162308486C00EA9EF7 /* Resources */,
			);
			buildRules = (
			);
			dependencies = (
				36728CF82385A47C005FF629 /* PBXTargetDependency */,
				3669F84B23DB7D65000F8B80 /* PBXTargetDependency */,
			);
			name = ConstituentUI;
			productName = ConstituentUI;
			productReference = 825C7F182308486C00EA9EF7 /* ConstituentUI.appex */;
			productType = "com.apple.product-type.app-extension";
		};
		82EBEBAF2308463700CCF56B /* Siri-Demo */ = {
			isa = PBXNativeTarget;
			buildConfigurationList = 82EBEBC22308463900CCF56B /* Build configuration list for PBXNativeTarget "Siri-Demo" */;
			buildPhases = (
				A7F9AC44060229D42A8EBE7B /* [CP] Check Pods Manifest.lock */,
				82EBEBAC2308463700CCF56B /* Sources */,
				82EBEBAD2308463700CCF56B /* Frameworks */,
				82EBEBAE2308463700CCF56B /* Resources */,
				825C7F2F2308486C00EA9EF7 /* Embed App Extensions */,
				361F7BC22384989400F951D0 /* Embed Frameworks */,
				07F09254A8A7151FA220E413 /* [CP] Embed Pods Frameworks */,
			);
			buildRules = (
			);
			dependencies = (
				825C7F242308486C00EA9EF7 /* PBXTargetDependency */,
				825C7F272308486C00EA9EF7 /* PBXTargetDependency */,
				361F7BBF2384989400F951D0 /* PBXTargetDependency */,
				36728CEF2385A464005FF629 /* PBXTargetDependency */,
				3643CF4523D215EA00E7C1EA /* PBXTargetDependency */,
				3669F83023DB65ED000F8B80 /* PBXTargetDependency */,
			);
			name = "Siri-Demo";
			productName = "Siri-Demo";
			productReference = 82EBEBB02308463700CCF56B /* SKY Siri Sample.app */;
			productType = "com.apple.product-type.application";
		};
/* End PBXNativeTarget section */

/* Begin PBXProject section */
		82EBEBA82308463700CCF56B /* Project object */ = {
			isa = PBXProject;
			attributes = {
				LastSwiftUpdateCheck = 1130;
				LastUpgradeCheck = 1130;
				ORGANIZATIONNAME = Blackbaud;
				TargetAttributes = {
					361F7BB82384989400F951D0 = {
						CreatedOnToolsVersion = 11.2.1;
					};
					3643CF3023D215EA00E7C1EA = {
						CreatedOnToolsVersion = 11.3.1;
						LastSwiftMigration = 1130;
					};
					3669F82923DB65ED000F8B80 = {
						CreatedOnToolsVersion = 11.3.1;
						LastSwiftMigration = 1130;
					};
					36728CE82385A464005FF629 = {
						CreatedOnToolsVersion = 11.2.1;
						LastSwiftMigration = 1120;
					};
					825C7F0E2308486C00EA9EF7 = {
						CreatedOnToolsVersion = 11.0;
					};
					825C7F172308486C00EA9EF7 = {
						CreatedOnToolsVersion = 11.0;
					};
					82EBEBAF2308463700CCF56B = {
						CreatedOnToolsVersion = 10.3;
					};
				};
			};
			buildConfigurationList = 82EBEBAB2308463700CCF56B /* Build configuration list for PBXProject "Siri-Demo" */;
			compatibilityVersion = "Xcode 9.3";
			developmentRegion = en;
			hasScannedForEncodings = 0;
			knownRegions = (
				en,
				Base,
			);
			mainGroup = 82EBEBA72308463700CCF56B;
			productRefGroup = 82EBEBB12308463700CCF56B /* Products */;
			projectDirPath = "";
			projectRoot = "";
			targets = (
				82EBEBAF2308463700CCF56B /* Siri-Demo */,
				825C7F0E2308486C00EA9EF7 /* Constituent */,
				825C7F172308486C00EA9EF7 /* ConstituentUI */,
				361F7BB82384989400F951D0 /* SkyApiCore */,
				36728CE82385A464005FF629 /* SkyUX */,
				3643CF3023D215EA00E7C1EA /* SiriDemoAppProperties */,
				3669F82923DB65ED000F8B80 /* SiriDemoAnalytics */,
			);
		};
/* End PBXProject section */

/* Begin PBXResourcesBuildPhase section */
		361F7BB72384989400F951D0 /* Resources */ = {
			isa = PBXResourcesBuildPhase;
			buildActionMask = 2147483647;
			files = (
			);
			runOnlyForDeploymentPostprocessing = 0;
		};
		3643CF2F23D215EA00E7C1EA /* Resources */ = {
			isa = PBXResourcesBuildPhase;
			buildActionMask = 2147483647;
			files = (
			);
			runOnlyForDeploymentPostprocessing = 0;
		};
		3669F82823DB65ED000F8B80 /* Resources */ = {
			isa = PBXResourcesBuildPhase;
			buildActionMask = 2147483647;
			files = (
			);
			runOnlyForDeploymentPostprocessing = 0;
		};
		36728CE72385A464005FF629 /* Resources */ = {
			isa = PBXResourcesBuildPhase;
			buildActionMask = 2147483647;
			files = (
				36CE859A238711460040ACF4 /* blackbaud-sans-bold.otf in Resources */,
				36CE859C2387114D0040ACF4 /* blackbaud-sans-condensed-semi-bold.otf in Resources */,
				36CE859D238711510040ACF4 /* blackbaud-sans-italic.otf in Resources */,
				36CE859E238711550040ACF4 /* blackbaud-sans.otf in Resources */,
				36CE859B2387114A0040ACF4 /* blackbaud-sans-condensed-light.otf in Resources */,
			);
			runOnlyForDeploymentPostprocessing = 0;
		};
		825C7F0D2308486C00EA9EF7 /* Resources */ = {
			isa = PBXResourcesBuildPhase;
			buildActionMask = 2147483647;
			files = (
			);
			runOnlyForDeploymentPostprocessing = 0;
		};
		825C7F162308486C00EA9EF7 /* Resources */ = {
			isa = PBXResourcesBuildPhase;
			buildActionMask = 2147483647;
			files = (
				825C7F212308486C00EA9EF7 /* MainInterface.storyboard in Resources */,
			);
			runOnlyForDeploymentPostprocessing = 0;
		};
		82EBEBAE2308463700CCF56B /* Resources */ = {
			isa = PBXResourcesBuildPhase;
			buildActionMask = 2147483647;
			files = (
				82EBEBBB2308463900CCF56B /* Assets.xcassets in Resources */,
				82EBEBB92308463700CCF56B /* Main.storyboard in Resources */,
			);
			runOnlyForDeploymentPostprocessing = 0;
		};
/* End PBXResourcesBuildPhase section */

/* Begin PBXShellScriptBuildPhase section */
		020B6055499C5343C07362E9 /* [CP] Check Pods Manifest.lock */ = {
			isa = PBXShellScriptBuildPhase;
			buildActionMask = 2147483647;
			files = (
			);
			inputFileListPaths = (
			);
			inputPaths = (
				"${PODS_PODFILE_DIR_PATH}/Podfile.lock",
				"${PODS_ROOT}/Manifest.lock",
			);
			name = "[CP] Check Pods Manifest.lock";
			outputFileListPaths = (
			);
			outputPaths = (
				"$(DERIVED_FILE_DIR)/Pods-Constituent-checkManifestLockResult.txt",
			);
			runOnlyForDeploymentPostprocessing = 0;
			shellPath = /bin/sh;
			shellScript = "diff \"${PODS_PODFILE_DIR_PATH}/Podfile.lock\" \"${PODS_ROOT}/Manifest.lock\" > /dev/null\nif [ $? != 0 ] ; then\n    # print error to STDERR\n    echo \"error: The sandbox is not in sync with the Podfile.lock. Run 'pod install' or update your CocoaPods installation.\" >&2\n    exit 1\nfi\n# This output is used by Xcode 'outputs' to avoid re-running this script phase.\necho \"SUCCESS\" > \"${SCRIPT_OUTPUT_FILE_0}\"\n";
			showEnvVarsInLog = 0;
		};
		07F09254A8A7151FA220E413 /* [CP] Embed Pods Frameworks */ = {
			isa = PBXShellScriptBuildPhase;
			buildActionMask = 2147483647;
			files = (
			);
			inputFileListPaths = (
				"${PODS_ROOT}/Target Support Files/Pods-Siri-Demo/Pods-Siri-Demo-frameworks-${CONFIGURATION}-input-files.xcfilelist",
			);
			name = "[CP] Embed Pods Frameworks";
			outputFileListPaths = (
				"${PODS_ROOT}/Target Support Files/Pods-Siri-Demo/Pods-Siri-Demo-frameworks-${CONFIGURATION}-output-files.xcfilelist",
			);
			runOnlyForDeploymentPostprocessing = 0;
			shellPath = /bin/sh;
			shellScript = "\"${PODS_ROOT}/Target Support Files/Pods-Siri-Demo/Pods-Siri-Demo-frameworks.sh\"\n";
			showEnvVarsInLog = 0;
		};
		0E66D4BE0FBCE2B12998899C /* [CP] Check Pods Manifest.lock */ = {
			isa = PBXShellScriptBuildPhase;
			buildActionMask = 2147483647;
			files = (
			);
			inputFileListPaths = (
			);
			inputPaths = (
				"${PODS_PODFILE_DIR_PATH}/Podfile.lock",
				"${PODS_ROOT}/Manifest.lock",
			);
			name = "[CP] Check Pods Manifest.lock";
			outputFileListPaths = (
			);
			outputPaths = (
				"$(DERIVED_FILE_DIR)/Pods-SiriDemoAnalytics-checkManifestLockResult.txt",
			);
			runOnlyForDeploymentPostprocessing = 0;
			shellPath = /bin/sh;
			shellScript = "diff \"${PODS_PODFILE_DIR_PATH}/Podfile.lock\" \"${PODS_ROOT}/Manifest.lock\" > /dev/null\nif [ $? != 0 ] ; then\n    # print error to STDERR\n    echo \"error: The sandbox is not in sync with the Podfile.lock. Run 'pod install' or update your CocoaPods installation.\" >&2\n    exit 1\nfi\n# This output is used by Xcode 'outputs' to avoid re-running this script phase.\necho \"SUCCESS\" > \"${SCRIPT_OUTPUT_FILE_0}\"\n";
			showEnvVarsInLog = 0;
		};
		20E27FAC1DA24E04ED8188B0 /* [CP] Check Pods Manifest.lock */ = {
			isa = PBXShellScriptBuildPhase;
			buildActionMask = 2147483647;
			files = (
			);
			inputFileListPaths = (
			);
			inputPaths = (
				"${PODS_PODFILE_DIR_PATH}/Podfile.lock",
				"${PODS_ROOT}/Manifest.lock",
			);
			name = "[CP] Check Pods Manifest.lock";
			outputFileListPaths = (
			);
			outputPaths = (
				"$(DERIVED_FILE_DIR)/Pods-SkyUX-checkManifestLockResult.txt",
			);
			runOnlyForDeploymentPostprocessing = 0;
			shellPath = /bin/sh;
			shellScript = "diff \"${PODS_PODFILE_DIR_PATH}/Podfile.lock\" \"${PODS_ROOT}/Manifest.lock\" > /dev/null\nif [ $? != 0 ] ; then\n    # print error to STDERR\n    echo \"error: The sandbox is not in sync with the Podfile.lock. Run 'pod install' or update your CocoaPods installation.\" >&2\n    exit 1\nfi\n# This output is used by Xcode 'outputs' to avoid re-running this script phase.\necho \"SUCCESS\" > \"${SCRIPT_OUTPUT_FILE_0}\"\n";
			showEnvVarsInLog = 0;
		};
		38F2B32510F0593CEA7EB733 /* [CP] Check Pods Manifest.lock */ = {
			isa = PBXShellScriptBuildPhase;
			buildActionMask = 2147483647;
			files = (
			);
			inputFileListPaths = (
			);
			inputPaths = (
				"${PODS_PODFILE_DIR_PATH}/Podfile.lock",
				"${PODS_ROOT}/Manifest.lock",
			);
			name = "[CP] Check Pods Manifest.lock";
			outputFileListPaths = (
			);
			outputPaths = (
				"$(DERIVED_FILE_DIR)/Pods-SiriDemoAppProperties-checkManifestLockResult.txt",
			);
			runOnlyForDeploymentPostprocessing = 0;
			shellPath = /bin/sh;
			shellScript = "diff \"${PODS_PODFILE_DIR_PATH}/Podfile.lock\" \"${PODS_ROOT}/Manifest.lock\" > /dev/null\nif [ $? != 0 ] ; then\n    # print error to STDERR\n    echo \"error: The sandbox is not in sync with the Podfile.lock. Run 'pod install' or update your CocoaPods installation.\" >&2\n    exit 1\nfi\n# This output is used by Xcode 'outputs' to avoid re-running this script phase.\necho \"SUCCESS\" > \"${SCRIPT_OUTPUT_FILE_0}\"\n";
			showEnvVarsInLog = 0;
		};
		A7F9AC44060229D42A8EBE7B /* [CP] Check Pods Manifest.lock */ = {
			isa = PBXShellScriptBuildPhase;
			buildActionMask = 2147483647;
			files = (
			);
			inputFileListPaths = (
			);
			inputPaths = (
				"${PODS_PODFILE_DIR_PATH}/Podfile.lock",
				"${PODS_ROOT}/Manifest.lock",
			);
			name = "[CP] Check Pods Manifest.lock";
			outputFileListPaths = (
			);
			outputPaths = (
				"$(DERIVED_FILE_DIR)/Pods-Siri-Demo-checkManifestLockResult.txt",
			);
			runOnlyForDeploymentPostprocessing = 0;
			shellPath = /bin/sh;
			shellScript = "diff \"${PODS_PODFILE_DIR_PATH}/Podfile.lock\" \"${PODS_ROOT}/Manifest.lock\" > /dev/null\nif [ $? != 0 ] ; then\n    # print error to STDERR\n    echo \"error: The sandbox is not in sync with the Podfile.lock. Run 'pod install' or update your CocoaPods installation.\" >&2\n    exit 1\nfi\n# This output is used by Xcode 'outputs' to avoid re-running this script phase.\necho \"SUCCESS\" > \"${SCRIPT_OUTPUT_FILE_0}\"\n";
			showEnvVarsInLog = 0;
		};
		B7AD8D7357CE6CFADC1AEA74 /* [CP] Check Pods Manifest.lock */ = {
			isa = PBXShellScriptBuildPhase;
			buildActionMask = 2147483647;
			files = (
			);
			inputFileListPaths = (
			);
			inputPaths = (
				"${PODS_PODFILE_DIR_PATH}/Podfile.lock",
				"${PODS_ROOT}/Manifest.lock",
			);
			name = "[CP] Check Pods Manifest.lock";
			outputFileListPaths = (
			);
			outputPaths = (
				"$(DERIVED_FILE_DIR)/Pods-ConstituentUI-checkManifestLockResult.txt",
			);
			runOnlyForDeploymentPostprocessing = 0;
			shellPath = /bin/sh;
			shellScript = "diff \"${PODS_PODFILE_DIR_PATH}/Podfile.lock\" \"${PODS_ROOT}/Manifest.lock\" > /dev/null\nif [ $? != 0 ] ; then\n    # print error to STDERR\n    echo \"error: The sandbox is not in sync with the Podfile.lock. Run 'pod install' or update your CocoaPods installation.\" >&2\n    exit 1\nfi\n# This output is used by Xcode 'outputs' to avoid re-running this script phase.\necho \"SUCCESS\" > \"${SCRIPT_OUTPUT_FILE_0}\"\n";
			showEnvVarsInLog = 0;
		};
		BFED1FCBC9FE0475CACBF4B5 /* [CP] Check Pods Manifest.lock */ = {
			isa = PBXShellScriptBuildPhase;
			buildActionMask = 2147483647;
			files = (
			);
			inputFileListPaths = (
			);
			inputPaths = (
				"${PODS_PODFILE_DIR_PATH}/Podfile.lock",
				"${PODS_ROOT}/Manifest.lock",
			);
			name = "[CP] Check Pods Manifest.lock";
			outputFileListPaths = (
			);
			outputPaths = (
				"$(DERIVED_FILE_DIR)/Pods-SkyApiCore-checkManifestLockResult.txt",
			);
			runOnlyForDeploymentPostprocessing = 0;
			shellPath = /bin/sh;
			shellScript = "diff \"${PODS_PODFILE_DIR_PATH}/Podfile.lock\" \"${PODS_ROOT}/Manifest.lock\" > /dev/null\nif [ $? != 0 ] ; then\n    # print error to STDERR\n    echo \"error: The sandbox is not in sync with the Podfile.lock. Run 'pod install' or update your CocoaPods installation.\" >&2\n    exit 1\nfi\n# This output is used by Xcode 'outputs' to avoid re-running this script phase.\necho \"SUCCESS\" > \"${SCRIPT_OUTPUT_FILE_0}\"\n";
			showEnvVarsInLog = 0;
		};
/* End PBXShellScriptBuildPhase section */

/* Begin PBXSourcesBuildPhase section */
		361F7BB52384989400F951D0 /* Sources */ = {
			isa = PBXSourcesBuildPhase;
			buildActionMask = 2147483647;
			files = (
				36CE85A923883D370040ACF4 /* ConstituentSearchResult.swift in Sources */,
				36CE85A5238833310040ACF4 /* ISODateExtensions..swift in Sources */,
				3643CF2A23D104E200E7C1EA /* OAuthToken.swift in Sources */,
				362DBF7723A96E53001CF1F3 /* FuzzyDate.swift in Sources */,
				36BB3A9E23BA6687007AF857 /* HttpError.swift in Sources */,
				361F7BD123849B5100F951D0 /* SkyApiBase.swift in Sources */,
				36BB3AA023BA6728007AF857 /* SkyApiError.swift in Sources */,
				362DBF6D23A3ED9F001CF1F3 /* ProfilePictureResponse.swift in Sources */,
				362DBF7923A970FC001CF1F3 /* IdResponse.swift in Sources */,
				361F7BC7238498AA00F951D0 /* Constituent.swift in Sources */,
				362DBF7523A96D4C001CF1F3 /* CreateNoteRequest.swift in Sources */,
				36CE85A723883CE90040ACF4 /* ConstituentSearchResponse.swift in Sources */,
				361F7BCF23849A8100F951D0 /* ConstituentApi.swift in Sources */,
				36CE85A22387284A0040ACF4 /* SkyApiAuthentication.swift in Sources */,
				36CEF62D23B1453F006784A3 /* CreateActionRequest.swift in Sources */,
			);
			runOnlyForDeploymentPostprocessing = 0;
		};
		3643CF2D23D215EA00E7C1EA /* Sources */ = {
			isa = PBXSourcesBuildPhase;
			buildActionMask = 2147483647;
			files = (
				3643CF4F23D2162D00E7C1EA /* Properties.swift in Sources */,
			);
			runOnlyForDeploymentPostprocessing = 0;
		};
		3669F82623DB65ED000F8B80 /* Sources */ = {
			isa = PBXSourcesBuildPhase;
			buildActionMask = 2147483647;
			files = (
				3669F83C23DB682E000F8B80 /* Analytics.swift in Sources */,
			);
			runOnlyForDeploymentPostprocessing = 0;
		};
		36728CE52385A464005FF629 /* Sources */ = {
			isa = PBXSourcesBuildPhase;
			buildActionMask = 2147483647;
			files = (
				36728D052385A9DB005FF629 /* UIColorExtensions.swift in Sources */,
				36728D072385ABB2005FF629 /* SkyButton.swift in Sources */,
				36CE85A0238712C90040ACF4 /* UIFontExtensions.swift in Sources */,
				36728CFF2385A635005FF629 /* SkyLabel.swift in Sources */,
				36728D042385A9D8005FF629 /* SkyStyles.swift in Sources */,
			);
			runOnlyForDeploymentPostprocessing = 0;
		};
		825C7F0B2308486C00EA9EF7 /* Sources */ = {
			isa = PBXSourcesBuildPhase;
			buildActionMask = 2147483647;
			files = (
				362DBF7123A7CC02001CF1F3 /* SendMessageIntentHandler.swift in Sources */,
				82CEF6532336305A00D864F8 /* Intents.intentdefinition in Sources */,
				82CEF6552336443A00D864F8 /* ConstituentInfoIntentHandler.swift in Sources */,
				825C7F122308486C00EA9EF7 /* IntentHandler.swift in Sources */,
				36CEF62F23B148DC006784A3 /* GetVisualCodeIntentHandler.swift in Sources */,
				362DBF7323A963B9001CF1F3 /* CreateNoteIntentHandler.swift in Sources */,
				362DBF7B23B11FBC001CF1F3 /* AddTasksIntentHandler.swift in Sources */,
				36BB3A9C23B675DD007AF857 /* FileContactReportIntentHandler.swift in Sources */,
			);
			runOnlyForDeploymentPostprocessing = 0;
		};
		825C7F142308486C00EA9EF7 /* Sources */ = {
			isa = PBXSourcesBuildPhase;
			buildActionMask = 2147483647;
			files = (
				361F7B922384821F00F951D0 /* Intents.intentdefinition in Sources */,
				362DBF6F23A405AD001CF1F3 /* UIImageViewExtensions.swift in Sources */,
				825C7F1E2308486C00EA9EF7 /* IntentViewController.swift in Sources */,
			);
			runOnlyForDeploymentPostprocessing = 0;
		};
		82EBEBAC2308463700CCF56B /* Sources */ = {
			isa = PBXSourcesBuildPhase;
			buildActionMask = 2147483647;
			files = (
				82CEF6522336305A00D864F8 /* Intents.intentdefinition in Sources */,
				82EBEBB62308463700CCF56B /* ViewController.swift in Sources */,
				82EBEBB42308463700CCF56B /* AppDelegate.swift in Sources */,
				3695F81023D78F65008B86D8 /* ContactReportDictationEngine.swift in Sources */,
			);
			runOnlyForDeploymentPostprocessing = 0;
		};
/* End PBXSourcesBuildPhase section */

/* Begin PBXTargetDependency section */
		361F7BBF2384989400F951D0 /* PBXTargetDependency */ = {
			isa = PBXTargetDependency;
			target = 361F7BB82384989400F951D0 /* SkyApiCore */;
			targetProxy = 361F7BBE2384989400F951D0 /* PBXContainerItemProxy */;
		};
		361F7BCB238499A900F951D0 /* PBXTargetDependency */ = {
			isa = PBXTargetDependency;
			target = 361F7BB82384989400F951D0 /* SkyApiCore */;
			targetProxy = 361F7BCA238499A900F951D0 /* PBXContainerItemProxy */;
		};
		3643CF4523D215EA00E7C1EA /* PBXTargetDependency */ = {
			isa = PBXTargetDependency;
			target = 3643CF3023D215EA00E7C1EA /* SiriDemoAppProperties */;
			targetProxy = 3643CF4423D215EA00E7C1EA /* PBXContainerItemProxy */;
		};
		3669F83023DB65ED000F8B80 /* PBXTargetDependency */ = {
			isa = PBXTargetDependency;
			target = 3669F82923DB65ED000F8B80 /* SiriDemoAnalytics */;
			targetProxy = 3669F82F23DB65ED000F8B80 /* PBXContainerItemProxy */;
		};
		3669F83923DB6646000F8B80 /* PBXTargetDependency */ = {
			isa = PBXTargetDependency;
			target = 3643CF3023D215EA00E7C1EA /* SiriDemoAppProperties */;
			targetProxy = 3669F83823DB6646000F8B80 /* PBXContainerItemProxy */;
		};
		3669F84123DB7332000F8B80 /* PBXTargetDependency */ = {
			isa = PBXTargetDependency;
			target = 3669F82923DB65ED000F8B80 /* SiriDemoAnalytics */;
			targetProxy = 3669F84023DB7332000F8B80 /* PBXContainerItemProxy */;
		};
		3669F84623DB7D59000F8B80 /* PBXTargetDependency */ = {
			isa = PBXTargetDependency;
			target = 3669F82923DB65ED000F8B80 /* SiriDemoAnalytics */;
			targetProxy = 3669F84523DB7D59000F8B80 /* PBXContainerItemProxy */;
		};
		3669F84B23DB7D65000F8B80 /* PBXTargetDependency */ = {
			isa = PBXTargetDependency;
			target = 3669F82923DB65ED000F8B80 /* SiriDemoAnalytics */;
			targetProxy = 3669F84A23DB7D65000F8B80 /* PBXContainerItemProxy */;
		};
		36728CEF2385A464005FF629 /* PBXTargetDependency */ = {
			isa = PBXTargetDependency;
			target = 36728CE82385A464005FF629 /* SkyUX */;
			targetProxy = 36728CEE2385A464005FF629 /* PBXContainerItemProxy */;
		};
		36728CF82385A47C005FF629 /* PBXTargetDependency */ = {
			isa = PBXTargetDependency;
			target = 36728CE82385A464005FF629 /* SkyUX */;
			targetProxy = 36728CF72385A47C005FF629 /* PBXContainerItemProxy */;
		};
		3695F81623D8B550008B86D8 /* PBXTargetDependency */ = {
			isa = PBXTargetDependency;
			target = 3643CF3023D215EA00E7C1EA /* SiriDemoAppProperties */;
			targetProxy = 3695F81523D8B550008B86D8 /* PBXContainerItemProxy */;
		};
		825C7F242308486C00EA9EF7 /* PBXTargetDependency */ = {
			isa = PBXTargetDependency;
			target = 825C7F172308486C00EA9EF7 /* ConstituentUI */;
			targetProxy = 825C7F232308486C00EA9EF7 /* PBXContainerItemProxy */;
		};
		825C7F272308486C00EA9EF7 /* PBXTargetDependency */ = {
			isa = PBXTargetDependency;
			target = 825C7F0E2308486C00EA9EF7 /* Constituent */;
			targetProxy = 825C7F262308486C00EA9EF7 /* PBXContainerItemProxy */;
		};
/* End PBXTargetDependency section */

/* Begin PBXVariantGroup section */
		825C7F1F2308486C00EA9EF7 /* MainInterface.storyboard */ = {
			isa = PBXVariantGroup;
			children = (
				825C7F202308486C00EA9EF7 /* Base */,
			);
			name = MainInterface.storyboard;
			sourceTree = "<group>";
		};
		82EBEBB72308463700CCF56B /* Main.storyboard */ = {
			isa = PBXVariantGroup;
			children = (
				82EBEBB82308463700CCF56B /* Base */,
			);
			name = Main.storyboard;
			sourceTree = "<group>";
		};
/* End PBXVariantGroup section */

/* Begin XCBuildConfiguration section */
		361F7BC32384989400F951D0 /* Debug */ = {
			isa = XCBuildConfiguration;
			baseConfigurationReference = B444E3A88939FE8AA75431B9 /* Pods-SkyApiCore.debug.xcconfig */;
			buildSettings = {
				APPLICATION_EXTENSION_API_ONLY = YES;
				CODE_SIGN_IDENTITY = "";
				"CODE_SIGN_IDENTITY[sdk=macosx*]" = "Apple Development";
				CODE_SIGN_STYLE = Manual;
				CURRENT_PROJECT_VERSION = 1;
				DEFINES_MODULE = YES;
				DEVELOPMENT_TEAM = 4T64559QVN;
				DYLIB_COMPATIBILITY_VERSION = 1;
				DYLIB_CURRENT_VERSION = 1;
				DYLIB_INSTALL_NAME_BASE = "@rpath";
				INFOPLIST_FILE = SkyApiCore/Info.plist;
				INSTALL_PATH = "$(LOCAL_LIBRARY_DIR)/Frameworks";
				IPHONEOS_DEPLOYMENT_TARGET = 13.2;
				LD_RUNPATH_SEARCH_PATHS = (
					"$(inherited)",
					"@executable_path/Frameworks",
					"@loader_path/Frameworks",
				);
				PRODUCT_BUNDLE_IDENTIFIER = com.blackbaud.SkyApiCore;
				PRODUCT_NAME = "$(TARGET_NAME:c99extidentifier)";
				PROVISIONING_PROFILE_SPECIFIER = "";
				"PROVISIONING_PROFILE_SPECIFIER[sdk=macosx*]" = "";
				SKIP_INSTALL = YES;
				SUPPORTS_MACCATALYST = NO;
				SWIFT_VERSION = 5.0;
				TARGETED_DEVICE_FAMILY = "1,2";
				VERSIONING_SYSTEM = "apple-generic";
				VERSION_INFO_PREFIX = "";
			};
			name = Debug;
		};
		361F7BC42384989400F951D0 /* Release */ = {
			isa = XCBuildConfiguration;
			baseConfigurationReference = 3C26F1CDDE2E6D0A142C25CF /* Pods-SkyApiCore.release.xcconfig */;
			buildSettings = {
				APPLICATION_EXTENSION_API_ONLY = YES;
				CODE_SIGN_IDENTITY = "";
				"CODE_SIGN_IDENTITY[sdk=macosx*]" = "3rd Party Mac Developer Application";
				CODE_SIGN_STYLE = Manual;
				CURRENT_PROJECT_VERSION = 1;
				DEFINES_MODULE = YES;
				DEVELOPMENT_TEAM = 4T64559QVN;
				DYLIB_COMPATIBILITY_VERSION = 1;
				DYLIB_CURRENT_VERSION = 1;
				DYLIB_INSTALL_NAME_BASE = "@rpath";
				INFOPLIST_FILE = SkyApiCore/Info.plist;
				INSTALL_PATH = "$(LOCAL_LIBRARY_DIR)/Frameworks";
				IPHONEOS_DEPLOYMENT_TARGET = 13.2;
				LD_RUNPATH_SEARCH_PATHS = (
					"$(inherited)",
					"@executable_path/Frameworks",
					"@loader_path/Frameworks",
				);
				PRODUCT_BUNDLE_IDENTIFIER = com.blackbaud.SkyApiCore;
				PRODUCT_NAME = "$(TARGET_NAME:c99extidentifier)";
				PROVISIONING_PROFILE_SPECIFIER = "";
				"PROVISIONING_PROFILE_SPECIFIER[sdk=macosx*]" = "";
				SKIP_INSTALL = YES;
				SUPPORTS_MACCATALYST = NO;
				SWIFT_VERSION = 5.0;
				TARGETED_DEVICE_FAMILY = "1,2";
				VERSIONING_SYSTEM = "apple-generic";
				VERSION_INFO_PREFIX = "";
			};
			name = Release;
		};
		3643CF4923D215EA00E7C1EA /* Debug */ = {
			isa = XCBuildConfiguration;
			baseConfigurationReference = 908CF1DDBEE55D91AD1080BD /* Pods-SiriDemoAppProperties.debug.xcconfig */;
			buildSettings = {
				APPLICATION_EXTENSION_API_ONLY = YES;
				CLANG_ENABLE_MODULES = YES;
				CODE_SIGN_IDENTITY = "";
				CODE_SIGN_STYLE = Automatic;
				CURRENT_PROJECT_VERSION = 1;
				DEFINES_MODULE = YES;
				DERIVE_MACCATALYST_PRODUCT_BUNDLE_IDENTIFIER = NO;
				DEVELOPMENT_TEAM = 4T64559QVN;
				DYLIB_COMPATIBILITY_VERSION = 1;
				DYLIB_CURRENT_VERSION = 1;
				DYLIB_INSTALL_NAME_BASE = "@rpath";
				INFOPLIST_FILE = SiriDemoAppProperties/Info.plist;
				INSTALL_PATH = "$(LOCAL_LIBRARY_DIR)/Frameworks";
				LD_RUNPATH_SEARCH_PATHS = (
					"$(inherited)",
					"@executable_path/Frameworks",
					"@loader_path/Frameworks",
				);
				PRODUCT_BUNDLE_IDENTIFIER = com.blackbaud.SiriDemoAppProperties;
				PRODUCT_NAME = "$(TARGET_NAME:c99extidentifier)";
				PROVISIONING_PROFILE_SPECIFIER = "";
				SKIP_INSTALL = YES;
				SUPPORTS_MACCATALYST = NO;
				SWIFT_OPTIMIZATION_LEVEL = "-Onone";
				SWIFT_VERSION = 5.0;
				TARGETED_DEVICE_FAMILY = "1,2";
				VERSIONING_SYSTEM = "apple-generic";
				VERSION_INFO_PREFIX = "";
			};
			name = Debug;
		};
		3643CF4A23D215EA00E7C1EA /* Release */ = {
			isa = XCBuildConfiguration;
			baseConfigurationReference = F121DD7197930E7F5D23FE45 /* Pods-SiriDemoAppProperties.release.xcconfig */;
			buildSettings = {
				APPLICATION_EXTENSION_API_ONLY = YES;
				CLANG_ENABLE_MODULES = YES;
				CODE_SIGN_IDENTITY = "";
				CODE_SIGN_STYLE = Manual;
				CURRENT_PROJECT_VERSION = 1;
				DEFINES_MODULE = YES;
				DERIVE_MACCATALYST_PRODUCT_BUNDLE_IDENTIFIER = NO;
				DEVELOPMENT_TEAM = 4T64559QVN;
				DYLIB_COMPATIBILITY_VERSION = 1;
				DYLIB_CURRENT_VERSION = 1;
				DYLIB_INSTALL_NAME_BASE = "@rpath";
				INFOPLIST_FILE = SiriDemoAppProperties/Info.plist;
				INSTALL_PATH = "$(LOCAL_LIBRARY_DIR)/Frameworks";
				LD_RUNPATH_SEARCH_PATHS = (
					"$(inherited)",
					"@executable_path/Frameworks",
					"@loader_path/Frameworks",
				);
				PRODUCT_BUNDLE_IDENTIFIER = com.blackbaud.SiriDemoAppProperties;
				PRODUCT_NAME = "$(TARGET_NAME:c99extidentifier)";
				PROVISIONING_PROFILE_SPECIFIER = "";
				SKIP_INSTALL = YES;
				SUPPORTS_MACCATALYST = NO;
				SWIFT_VERSION = 5.0;
				TARGETED_DEVICE_FAMILY = "1,2";
				VERSIONING_SYSTEM = "apple-generic";
				VERSION_INFO_PREFIX = "";
			};
			name = Release;
		};
		3669F83323DB65ED000F8B80 /* Debug */ = {
			isa = XCBuildConfiguration;
			baseConfigurationReference = 8B8D909505D6434D9EEF2DC7 /* Pods-SiriDemoAnalytics.debug.xcconfig */;
			buildSettings = {
				APPLICATION_EXTENSION_API_ONLY = YES;
				CLANG_ENABLE_MODULES = YES;
				CODE_SIGN_IDENTITY = "";
				CODE_SIGN_STYLE = Automatic;
				CURRENT_PROJECT_VERSION = 1;
				DEFINES_MODULE = YES;
				DEVELOPMENT_TEAM = 4T64559QVN;
				DYLIB_COMPATIBILITY_VERSION = 1;
				DYLIB_CURRENT_VERSION = 1;
				DYLIB_INSTALL_NAME_BASE = "@rpath";
				INFOPLIST_FILE = SiriDemoAnalytics/Info.plist;
				INSTALL_PATH = "$(LOCAL_LIBRARY_DIR)/Frameworks";
				LD_RUNPATH_SEARCH_PATHS = (
					"$(inherited)",
					"@executable_path/Frameworks",
					"@loader_path/Frameworks",
				);
				PRODUCT_BUNDLE_IDENTIFIER = com.blackbaud.SiriDemoAnalytics;
				PRODUCT_NAME = SiriDemoAnalytics;
				SKIP_INSTALL = YES;
				SUPPORTS_MACCATALYST = NO;
				SWIFT_OPTIMIZATION_LEVEL = "-Onone";
				SWIFT_VERSION = 5.0;
				TARGETED_DEVICE_FAMILY = "1,2";
				VERSIONING_SYSTEM = "apple-generic";
				VERSION_INFO_PREFIX = "";
			};
			name = Debug;
		};
		3669F83423DB65ED000F8B80 /* Release */ = {
			isa = XCBuildConfiguration;
			baseConfigurationReference = C91767DBE0001C64B187A792 /* Pods-SiriDemoAnalytics.release.xcconfig */;
			buildSettings = {
				APPLICATION_EXTENSION_API_ONLY = YES;
				CLANG_ENABLE_MODULES = YES;
				CODE_SIGN_IDENTITY = "";
				CODE_SIGN_STYLE = Automatic;
				CURRENT_PROJECT_VERSION = 1;
				DEFINES_MODULE = YES;
				DEVELOPMENT_TEAM = 4T64559QVN;
				DYLIB_COMPATIBILITY_VERSION = 1;
				DYLIB_CURRENT_VERSION = 1;
				DYLIB_INSTALL_NAME_BASE = "@rpath";
				INFOPLIST_FILE = SiriDemoAnalytics/Info.plist;
				INSTALL_PATH = "$(LOCAL_LIBRARY_DIR)/Frameworks";
				LD_RUNPATH_SEARCH_PATHS = (
					"$(inherited)",
					"@executable_path/Frameworks",
					"@loader_path/Frameworks",
				);
				PRODUCT_BUNDLE_IDENTIFIER = com.blackbaud.SiriDemoAnalytics;
				PRODUCT_NAME = SiriDemoAnalytics;
				SKIP_INSTALL = YES;
				SUPPORTS_MACCATALYST = NO;
				SWIFT_VERSION = 5.0;
				TARGETED_DEVICE_FAMILY = "1,2";
				VERSIONING_SYSTEM = "apple-generic";
				VERSION_INFO_PREFIX = "";
			};
			name = Release;
		};
		36728CF22385A464005FF629 /* Debug */ = {
			isa = XCBuildConfiguration;
			baseConfigurationReference = 5AA018867CF55E7E4A9EA512 /* Pods-SkyUX.debug.xcconfig */;
			buildSettings = {
				APPLICATION_EXTENSION_API_ONLY = YES;
				CLANG_ENABLE_MODULES = YES;
				CODE_SIGN_IDENTITY = "";
				"CODE_SIGN_IDENTITY[sdk=macosx*]" = "Apple Development";
				CODE_SIGN_STYLE = Manual;
				CURRENT_PROJECT_VERSION = 1;
				DEFINES_MODULE = YES;
				DEVELOPMENT_TEAM = 4T64559QVN;
				DYLIB_COMPATIBILITY_VERSION = 1;
				DYLIB_CURRENT_VERSION = 1;
				DYLIB_INSTALL_NAME_BASE = "@rpath";
				INFOPLIST_FILE = SkyUX/Info.plist;
				INSTALL_PATH = "$(LOCAL_LIBRARY_DIR)/Frameworks";
				IPHONEOS_DEPLOYMENT_TARGET = 13.2;
				LD_RUNPATH_SEARCH_PATHS = (
					"$(inherited)",
					"@executable_path/Frameworks",
					"@loader_path/Frameworks",
				);
				PRODUCT_BUNDLE_IDENTIFIER = com.blackbaud.SkyUX;
				PRODUCT_NAME = "$(TARGET_NAME:c99extidentifier)";
				PROVISIONING_PROFILE_SPECIFIER = "";
				"PROVISIONING_PROFILE_SPECIFIER[sdk=macosx*]" = "";
				SKIP_INSTALL = YES;
				SUPPORTS_MACCATALYST = NO;
				SWIFT_OPTIMIZATION_LEVEL = "-Onone";
				SWIFT_VERSION = 5.0;
				TARGETED_DEVICE_FAMILY = "1,2";
				VERSIONING_SYSTEM = "apple-generic";
				VERSION_INFO_PREFIX = "";
			};
			name = Debug;
		};
		36728CF32385A464005FF629 /* Release */ = {
			isa = XCBuildConfiguration;
			baseConfigurationReference = F7979718B77688A42BDCD2FB /* Pods-SkyUX.release.xcconfig */;
			buildSettings = {
				APPLICATION_EXTENSION_API_ONLY = YES;
				CLANG_ENABLE_MODULES = YES;
				CODE_SIGN_IDENTITY = "";
				"CODE_SIGN_IDENTITY[sdk=macosx*]" = "Apple Development";
				CODE_SIGN_STYLE = Manual;
				CURRENT_PROJECT_VERSION = 1;
				DEFINES_MODULE = YES;
				DEVELOPMENT_TEAM = 4T64559QVN;
				DYLIB_COMPATIBILITY_VERSION = 1;
				DYLIB_CURRENT_VERSION = 1;
				DYLIB_INSTALL_NAME_BASE = "@rpath";
				INFOPLIST_FILE = SkyUX/Info.plist;
				INSTALL_PATH = "$(LOCAL_LIBRARY_DIR)/Frameworks";
				IPHONEOS_DEPLOYMENT_TARGET = 13.2;
				LD_RUNPATH_SEARCH_PATHS = (
					"$(inherited)",
					"@executable_path/Frameworks",
					"@loader_path/Frameworks",
				);
				PRODUCT_BUNDLE_IDENTIFIER = com.blackbaud.SkyUX;
				PRODUCT_NAME = "$(TARGET_NAME:c99extidentifier)";
				PROVISIONING_PROFILE_SPECIFIER = "";
				"PROVISIONING_PROFILE_SPECIFIER[sdk=macosx*]" = "";
				SKIP_INSTALL = YES;
				SUPPORTS_MACCATALYST = NO;
				SWIFT_VERSION = 5.0;
				TARGETED_DEVICE_FAMILY = "1,2";
				VERSIONING_SYSTEM = "apple-generic";
				VERSION_INFO_PREFIX = "";
			};
			name = Release;
		};
		825C7F2A2308486C00EA9EF7 /* Debug */ = {
			isa = XCBuildConfiguration;
			baseConfigurationReference = 5EF041FCF1FF6E87B16B45BF /* Pods-ConstituentUI.debug.xcconfig */;
			buildSettings = {
				CODE_SIGN_ENTITLEMENTS = ConstituentUI/ConstituentUI.entitlements;
				CODE_SIGN_IDENTITY = "iPhone Developer";
				CODE_SIGN_STYLE = Manual;
				DEVELOPMENT_TEAM = 4T64559QVN;
				INFOPLIST_FILE = ConstituentUI/Info.plist;
				IPHONEOS_DEPLOYMENT_TARGET = 13.2;
				LD_RUNPATH_SEARCH_PATHS = (
					"$(inherited)",
					"@executable_path/Frameworks",
					"@executable_path/../../Frameworks",
				);
				PRODUCT_BUNDLE_IDENTIFIER = com.blackbaud.siridemo.constituentui;
				PRODUCT_NAME = "$(TARGET_NAME)";
				PROVISIONING_PROFILE_SPECIFIER = "SKY Siri Sample ConstituentUI Development";
				SKIP_INSTALL = YES;
				SWIFT_VERSION = 5.0;
				TARGETED_DEVICE_FAMILY = "1,2";
			};
			name = Debug;
		};
		825C7F2B2308486C00EA9EF7 /* Release */ = {
			isa = XCBuildConfiguration;
			baseConfigurationReference = 9FDBEEA93F79AC1E16DACCE1 /* Pods-ConstituentUI.release.xcconfig */;
			buildSettings = {
				CODE_SIGN_ENTITLEMENTS = ConstituentUI/ConstituentUI.entitlements;
				CODE_SIGN_IDENTITY = "iPhone Distribution";
				CODE_SIGN_STYLE = Manual;
				DEVELOPMENT_TEAM = 4T64559QVN;
				INFOPLIST_FILE = ConstituentUI/Info.plist;
				IPHONEOS_DEPLOYMENT_TARGET = 13.2;
				LD_RUNPATH_SEARCH_PATHS = (
					"$(inherited)",
					"@executable_path/Frameworks",
					"@executable_path/../../Frameworks",
				);
				PRODUCT_BUNDLE_IDENTIFIER = com.blackbaud.siridemo.constituentui;
				PRODUCT_NAME = "$(TARGET_NAME)";
				PROVISIONING_PROFILE_SPECIFIER = "SKY Siri Sample ConstituentUI Distribution";
				SKIP_INSTALL = YES;
				SWIFT_VERSION = 5.0;
				TARGETED_DEVICE_FAMILY = "1,2";
			};
			name = Release;
		};
		825C7F2D2308486C00EA9EF7 /* Debug */ = {
			isa = XCBuildConfiguration;
			baseConfigurationReference = CD9EA02386E3776D6231727F /* Pods-Constituent.debug.xcconfig */;
			buildSettings = {
				CODE_SIGN_ENTITLEMENTS = Constituent/Constituent.entitlements;
				CODE_SIGN_IDENTITY = "iPhone Developer";
				CODE_SIGN_STYLE = Manual;
				DEVELOPMENT_TEAM = 4T64559QVN;
				INFOPLIST_FILE = Constituent/Info.plist;
				IPHONEOS_DEPLOYMENT_TARGET = 13.2;
				LD_RUNPATH_SEARCH_PATHS = (
					"$(inherited)",
					"@executable_path/Frameworks",
					"@executable_path/../../Frameworks",
				);
				PRODUCT_BUNDLE_IDENTIFIER = com.blackbaud.siridemo.constituent;
				PRODUCT_NAME = "$(TARGET_NAME)";
				PROVISIONING_PROFILE_SPECIFIER = "SKY Siri Sample Constituent Development";
				SKIP_INSTALL = YES;
				SWIFT_VERSION = 5.0;
				TARGETED_DEVICE_FAMILY = "1,2";
			};
			name = Debug;
		};
		825C7F2E2308486C00EA9EF7 /* Release */ = {
			isa = XCBuildConfiguration;
			baseConfigurationReference = 93E8A837A1C72D33C0D63CD5 /* Pods-Constituent.release.xcconfig */;
			buildSettings = {
				CODE_SIGN_ENTITLEMENTS = Constituent/Constituent.entitlements;
				CODE_SIGN_IDENTITY = "iPhone Distribution";
				CODE_SIGN_STYLE = Manual;
				DEVELOPMENT_TEAM = 4T64559QVN;
				INFOPLIST_FILE = Constituent/Info.plist;
				IPHONEOS_DEPLOYMENT_TARGET = 13.2;
				LD_RUNPATH_SEARCH_PATHS = (
					"$(inherited)",
					"@executable_path/Frameworks",
					"@executable_path/../../Frameworks",
				);
				PRODUCT_BUNDLE_IDENTIFIER = com.blackbaud.siridemo.constituent;
				PRODUCT_NAME = "$(TARGET_NAME)";
				PROVISIONING_PROFILE_SPECIFIER = "SKY Siri Sample Constituent Distribution";
				SKIP_INSTALL = YES;
				SWIFT_VERSION = 5.0;
				TARGETED_DEVICE_FAMILY = "1,2";
			};
			name = Release;
		};
		82EBEBC02308463900CCF56B /* Debug */ = {
			isa = XCBuildConfiguration;
			buildSettings = {
				ALWAYS_SEARCH_USER_PATHS = NO;
				CLANG_ANALYZER_NONNULL = YES;
				CLANG_ANALYZER_NUMBER_OBJECT_CONVERSION = YES_AGGRESSIVE;
				CLANG_CXX_LANGUAGE_STANDARD = "gnu++14";
				CLANG_CXX_LIBRARY = "libc++";
				CLANG_ENABLE_MODULES = YES;
				CLANG_ENABLE_OBJC_ARC = YES;
				CLANG_ENABLE_OBJC_WEAK = YES;
				CLANG_WARN_BLOCK_CAPTURE_AUTORELEASING = YES;
				CLANG_WARN_BOOL_CONVERSION = YES;
				CLANG_WARN_COMMA = YES;
				CLANG_WARN_CONSTANT_CONVERSION = YES;
				CLANG_WARN_DEPRECATED_OBJC_IMPLEMENTATIONS = YES;
				CLANG_WARN_DIRECT_OBJC_ISA_USAGE = YES_ERROR;
				CLANG_WARN_DOCUMENTATION_COMMENTS = YES;
				CLANG_WARN_EMPTY_BODY = YES;
				CLANG_WARN_ENUM_CONVERSION = YES;
				CLANG_WARN_INFINITE_RECURSION = YES;
				CLANG_WARN_INT_CONVERSION = YES;
				CLANG_WARN_NON_LITERAL_NULL_CONVERSION = YES;
				CLANG_WARN_OBJC_IMPLICIT_RETAIN_SELF = YES;
				CLANG_WARN_OBJC_LITERAL_CONVERSION = YES;
				CLANG_WARN_OBJC_ROOT_CLASS = YES_ERROR;
				CLANG_WARN_RANGE_LOOP_ANALYSIS = YES;
				CLANG_WARN_STRICT_PROTOTYPES = YES;
				CLANG_WARN_SUSPICIOUS_MOVE = YES;
				CLANG_WARN_UNGUARDED_AVAILABILITY = YES_AGGRESSIVE;
				CLANG_WARN_UNREACHABLE_CODE = YES;
				CLANG_WARN__DUPLICATE_METHOD_MATCH = YES;
				CODE_SIGN_IDENTITY = "iPhone Developer";
				COPY_PHASE_STRIP = NO;
				DEBUG_INFORMATION_FORMAT = dwarf;
				ENABLE_STRICT_OBJC_MSGSEND = YES;
				ENABLE_TESTABILITY = YES;
				GCC_C_LANGUAGE_STANDARD = gnu11;
				GCC_DYNAMIC_NO_PIC = NO;
				GCC_NO_COMMON_BLOCKS = YES;
				GCC_OPTIMIZATION_LEVEL = 0;
				GCC_PREPROCESSOR_DEFINITIONS = (
					"DEBUG=1",
					"$(inherited)",
				);
				GCC_WARN_64_TO_32_BIT_CONVERSION = YES;
				GCC_WARN_ABOUT_RETURN_TYPE = YES_ERROR;
				GCC_WARN_UNDECLARED_SELECTOR = YES;
				GCC_WARN_UNINITIALIZED_AUTOS = YES_AGGRESSIVE;
				GCC_WARN_UNUSED_FUNCTION = YES;
				GCC_WARN_UNUSED_VARIABLE = YES;
				IPHONEOS_DEPLOYMENT_TARGET = 13.2;
				MTL_ENABLE_DEBUG_INFO = INCLUDE_SOURCE;
				MTL_FAST_MATH = YES;
				ONLY_ACTIVE_ARCH = YES;
				SDKROOT = iphoneos;
				SWIFT_ACTIVE_COMPILATION_CONDITIONS = DEBUG;
				SWIFT_OPTIMIZATION_LEVEL = "-Onone";
			};
			name = Debug;
		};
		82EBEBC12308463900CCF56B /* Release */ = {
			isa = XCBuildConfiguration;
			buildSettings = {
				ALWAYS_SEARCH_USER_PATHS = NO;
				CLANG_ANALYZER_NONNULL = YES;
				CLANG_ANALYZER_NUMBER_OBJECT_CONVERSION = YES_AGGRESSIVE;
				CLANG_CXX_LANGUAGE_STANDARD = "gnu++14";
				CLANG_CXX_LIBRARY = "libc++";
				CLANG_ENABLE_MODULES = YES;
				CLANG_ENABLE_OBJC_ARC = YES;
				CLANG_ENABLE_OBJC_WEAK = YES;
				CLANG_WARN_BLOCK_CAPTURE_AUTORELEASING = YES;
				CLANG_WARN_BOOL_CONVERSION = YES;
				CLANG_WARN_COMMA = YES;
				CLANG_WARN_CONSTANT_CONVERSION = YES;
				CLANG_WARN_DEPRECATED_OBJC_IMPLEMENTATIONS = YES;
				CLANG_WARN_DIRECT_OBJC_ISA_USAGE = YES_ERROR;
				CLANG_WARN_DOCUMENTATION_COMMENTS = YES;
				CLANG_WARN_EMPTY_BODY = YES;
				CLANG_WARN_ENUM_CONVERSION = YES;
				CLANG_WARN_INFINITE_RECURSION = YES;
				CLANG_WARN_INT_CONVERSION = YES;
				CLANG_WARN_NON_LITERAL_NULL_CONVERSION = YES;
				CLANG_WARN_OBJC_IMPLICIT_RETAIN_SELF = YES;
				CLANG_WARN_OBJC_LITERAL_CONVERSION = YES;
				CLANG_WARN_OBJC_ROOT_CLASS = YES_ERROR;
				CLANG_WARN_RANGE_LOOP_ANALYSIS = YES;
				CLANG_WARN_STRICT_PROTOTYPES = YES;
				CLANG_WARN_SUSPICIOUS_MOVE = YES;
				CLANG_WARN_UNGUARDED_AVAILABILITY = YES_AGGRESSIVE;
				CLANG_WARN_UNREACHABLE_CODE = YES;
				CLANG_WARN__DUPLICATE_METHOD_MATCH = YES;
				CODE_SIGN_IDENTITY = "iPhone Developer";
				COPY_PHASE_STRIP = NO;
				DEBUG_INFORMATION_FORMAT = "dwarf-with-dsym";
				ENABLE_NS_ASSERTIONS = NO;
				ENABLE_STRICT_OBJC_MSGSEND = YES;
				GCC_C_LANGUAGE_STANDARD = gnu11;
				GCC_NO_COMMON_BLOCKS = YES;
				GCC_WARN_64_TO_32_BIT_CONVERSION = YES;
				GCC_WARN_ABOUT_RETURN_TYPE = YES_ERROR;
				GCC_WARN_UNDECLARED_SELECTOR = YES;
				GCC_WARN_UNINITIALIZED_AUTOS = YES_AGGRESSIVE;
				GCC_WARN_UNUSED_FUNCTION = YES;
				GCC_WARN_UNUSED_VARIABLE = YES;
				IPHONEOS_DEPLOYMENT_TARGET = 13.2;
				MTL_ENABLE_DEBUG_INFO = NO;
				MTL_FAST_MATH = YES;
				SDKROOT = iphoneos;
				SWIFT_COMPILATION_MODE = wholemodule;
				SWIFT_OPTIMIZATION_LEVEL = "-O";
				VALIDATE_PRODUCT = YES;
			};
			name = Release;
		};
		82EBEBC32308463900CCF56B /* Debug */ = {
			isa = XCBuildConfiguration;
			baseConfigurationReference = 130E58BA491B3A835451ECE4 /* Pods-Siri-Demo.debug.xcconfig */;
			buildSettings = {
				ALWAYS_EMBED_SWIFT_STANDARD_LIBRARIES = "$(inherited)";
				ASSETCATALOG_COMPILER_APPICON_NAME = AppIcon;
				CODE_SIGN_ENTITLEMENTS = "Siri-Demo/Siri-Demo.entitlements";
				CODE_SIGN_IDENTITY = "iPhone Developer";
				CODE_SIGN_STYLE = Manual;
				DEVELOPMENT_TEAM = 4T64559QVN;
				INFOPLIST_FILE = "Siri-Demo/Info.plist";
				IPHONEOS_DEPLOYMENT_TARGET = 13.2;
				LD_RUNPATH_SEARCH_PATHS = (
					"$(inherited)",
					"@executable_path/Frameworks",
				);
				PRODUCT_BUNDLE_IDENTIFIER = com.blackbaud.siridemo;
				PRODUCT_NAME = "SKY Siri Sample";
				PROVISIONING_PROFILE_SPECIFIER = "SKY Siri Sample Development";
				SWIFT_VERSION = 5.0;
				TARGETED_DEVICE_FAMILY = "1,2";
			};
			name = Debug;
		};
		82EBEBC42308463900CCF56B /* Release */ = {
			isa = XCBuildConfiguration;
			baseConfigurationReference = 33F011A96B4B22FF9CA4F697 /* Pods-Siri-Demo.release.xcconfig */;
			buildSettings = {
				ALWAYS_EMBED_SWIFT_STANDARD_LIBRARIES = "$(inherited)";
				ASSETCATALOG_COMPILER_APPICON_NAME = AppIcon;
				CODE_SIGN_ENTITLEMENTS = "Siri-Demo/Siri-Demo.entitlements";
				CODE_SIGN_IDENTITY = "iPhone Distribution";
				CODE_SIGN_STYLE = Manual;
				DEVELOPMENT_TEAM = 4T64559QVN;
				INFOPLIST_FILE = "Siri-Demo/Info.plist";
				IPHONEOS_DEPLOYMENT_TARGET = 13.2;
				LD_RUNPATH_SEARCH_PATHS = (
					"$(inherited)",
					"@executable_path/Frameworks",
				);
				PRODUCT_BUNDLE_IDENTIFIER = com.blackbaud.siridemo;
				PRODUCT_NAME = "SKY Siri Sample";
				PROVISIONING_PROFILE_SPECIFIER = "SKY Siri Sample Distribution";
				SWIFT_VERSION = 5.0;
				TARGETED_DEVICE_FAMILY = "1,2";
			};
			name = Release;
		};
/* End XCBuildConfiguration section */

/* Begin XCConfigurationList section */
		361F7BC52384989400F951D0 /* Build configuration list for PBXNativeTarget "SkyApiCore" */ = {
			isa = XCConfigurationList;
			buildConfigurations = (
				361F7BC32384989400F951D0 /* Debug */,
				361F7BC42384989400F951D0 /* Release */,
			);
			defaultConfigurationIsVisible = 0;
			defaultConfigurationName = Release;
		};
		3643CF4823D215EA00E7C1EA /* Build configuration list for PBXNativeTarget "SiriDemoAppProperties" */ = {
			isa = XCConfigurationList;
			buildConfigurations = (
				3643CF4923D215EA00E7C1EA /* Debug */,
				3643CF4A23D215EA00E7C1EA /* Release */,
			);
			defaultConfigurationIsVisible = 0;
			defaultConfigurationName = Release;
		};
		3669F83523DB65ED000F8B80 /* Build configuration list for PBXNativeTarget "SiriDemoAnalytics" */ = {
			isa = XCConfigurationList;
			buildConfigurations = (
				3669F83323DB65ED000F8B80 /* Debug */,
				3669F83423DB65ED000F8B80 /* Release */,
			);
			defaultConfigurationIsVisible = 0;
			defaultConfigurationName = Release;
		};
		36728CF42385A464005FF629 /* Build configuration list for PBXNativeTarget "SkyUX" */ = {
			isa = XCConfigurationList;
			buildConfigurations = (
				36728CF22385A464005FF629 /* Debug */,
				36728CF32385A464005FF629 /* Release */,
			);
			defaultConfigurationIsVisible = 0;
			defaultConfigurationName = Release;
		};
		825C7F292308486C00EA9EF7 /* Build configuration list for PBXNativeTarget "ConstituentUI" */ = {
			isa = XCConfigurationList;
			buildConfigurations = (
				825C7F2A2308486C00EA9EF7 /* Debug */,
				825C7F2B2308486C00EA9EF7 /* Release */,
			);
			defaultConfigurationIsVisible = 0;
			defaultConfigurationName = Release;
		};
		825C7F2C2308486C00EA9EF7 /* Build configuration list for PBXNativeTarget "Constituent" */ = {
			isa = XCConfigurationList;
			buildConfigurations = (
				825C7F2D2308486C00EA9EF7 /* Debug */,
				825C7F2E2308486C00EA9EF7 /* Release */,
			);
			defaultConfigurationIsVisible = 0;
			defaultConfigurationName = Release;
		};
		82EBEBAB2308463700CCF56B /* Build configuration list for PBXProject "Siri-Demo" */ = {
			isa = XCConfigurationList;
			buildConfigurations = (
				82EBEBC02308463900CCF56B /* Debug */,
				82EBEBC12308463900CCF56B /* Release */,
			);
			defaultConfigurationIsVisible = 0;
			defaultConfigurationName = Release;
		};
		82EBEBC22308463900CCF56B /* Build configuration list for PBXNativeTarget "Siri-Demo" */ = {
			isa = XCConfigurationList;
			buildConfigurations = (
				82EBEBC32308463900CCF56B /* Debug */,
				82EBEBC42308463900CCF56B /* Release */,
			);
			defaultConfigurationIsVisible = 0;
			defaultConfigurationName = Release;
		};
/* End XCConfigurationList section */
	};
	rootObject = 82EBEBA82308463700CCF56B /* Project object */;
}
