PODS:
  - Mixpanel-swift (2.6.11):
    - Mixpanel-swift/Complete (= 2.6.11)
  - Mixpanel-swift/Complete (2.6.11)

DEPENDENCIES:
  - Mixpanel-swift

SPEC REPOS:
  trunk:
    - Mixpanel-swift

SPEC CHECKSUMS:
  Mixpanel-swift: b42560376413286f51af2cfb9d0d4edc61c1a105

PODFILE CHECKSUM: 1640f8104319b423ca47988cadd384a7c3568ef0

COCOAPODS: 1.8.4
