PODS:
  - Mixpanel-swift (2.6.11):
    - Mixpanel-swift/Complete (= 2.6.11)
  - Mixpanel-swift/Complete (2.6.11)

DEPENDENCIES:
  - Mixpanel-swift

SPEC REPOS:
  trunk:
    - Mixpanel-swift

SPEC CHECKSUMS:
  Mixpanel-swift: b42560376413286f51af2cfb9d0d4edc61c1a105

PODFILE CHECKSUM: db3564d0ae6d6d9b231f93921a2b29a35293f58c

COCOAPODS: 1.8.4
